// !$*UTF8*$!
{
	archiveVersion = 1;
	classes = {
	};
	objectVersion = 56;
	objects = {

/* Begin PBXBuildFile section */
		E75237C72BA5D890002C44F8 /* Util.swift in Sources */ = {isa = PBXBuildFile; fileRef = E7D372FB2B941218004EE79D /* Util.swift */; };
		E75237CF2BA6257C002C44F8 /* DeviceTests.swift in Sources */ = {isa = PBXBuildFile; fileRef = E75237CE2BA6257C002C44F8 /* DeviceTests.swift */; };
		E75237DB2BA627F0002C44F8 /* IOKitInterposer.h in Headers */ = {isa = PBXBuildFile; fileRef = E75237DA2BA627F0002C44F8 /* IOKitInterposer.h */; };
		E75237E12BA628FB002C44F8 /* libIOKitInterposer.dylib in Frameworks */ = {isa = PBXBuildFile; fileRef = E75237D82BA627F0002C44F8 /* libIOKitInterposer.dylib */; };
		E75237E72BA62959002C44F8 /* libIOKitInterposer.dylib in CopyFiles */ = {isa = PBXBuildFile; fileRef = E75237D82BA627F0002C44F8 /* libIOKitInterposer.dylib */; };
		E75237E92BA62BC5002C44F8 /* IOKitInterposer.c in Sources */ = {isa = PBXBuildFile; fileRef = E75237E82BA62BC5002C44F8 /* IOKitInterposer.c */; };
		E75237EB2BA66C72002C44F8 /* ScreenCaptureDeviceTests.swift in Sources */ = {isa = PBXBuildFile; fileRef = E75237EA2BA66C72002C44F8 /* ScreenCaptureDeviceTests.swift */; };
		E75237F32BA672F7002C44F8 /* ArgumentParser in Frameworks */ = {isa = PBXBuildFile; productRef = E75237F22BA672F7002C44F8 /* ArgumentParser */; };
		E75237F42BA67403002C44F8 /* Device.swift in Sources */ = {isa = PBXBuildFile; fileRef = E7D372F92B93E5DA004EE79D /* Device.swift */; };
		E75237F52BA67488002C44F8 /* Util.swift in Sources */ = {isa = PBXBuildFile; fileRef = E7D372FB2B941218004EE79D /* Util.swift */; };
		E76B12B22CA9BF890003E398 /* TimeRequest.swift in Sources */ = {isa = PBXBuildFile; fileRef = E76B12B12CA9BF890003E398 /* TimeRequest.swift */; };
		E76B12B32CA9BF890003E398 /* TimeRequest.swift in Sources */ = {isa = PBXBuildFile; fileRef = E76B12B12CA9BF890003E398 /* TimeRequest.swift */; };
		E76B12B42CA9BF890003E398 /* TimeRequest.swift in Sources */ = {isa = PBXBuildFile; fileRef = E76B12B12CA9BF890003E398 /* TimeRequest.swift */; };
		E76B12B62CA9BFEC0003E398 /* TimeRequestTests.swift in Sources */ = {isa = PBXBuildFile; fileRef = E76B12B52CA9BFEC0003E398 /* TimeRequestTests.swift */; };
		E76B12B82CA9C8640003E398 /* Time.swift in Sources */ = {isa = PBXBuildFile; fileRef = E76B12B72CA9C8640003E398 /* Time.swift */; };
		E76B12B92CA9C8640003E398 /* Time.swift in Sources */ = {isa = PBXBuildFile; fileRef = E76B12B72CA9C8640003E398 /* Time.swift */; };
		E76B12BA2CA9C8640003E398 /* Time.swift in Sources */ = {isa = PBXBuildFile; fileRef = E76B12B72CA9C8640003E398 /* Time.swift */; };
		E76B12BC2CA9C8DE0003E398 /* TimeTests.swift in Sources */ = {isa = PBXBuildFile; fileRef = E76B12BB2CA9C8DE0003E398 /* TimeTests.swift */; };
		E76B12BE2CAA003A0003E398 /* MediaChunk.swift in Sources */ = {isa = PBXBuildFile; fileRef = E76B12BD2CAA003A0003E398 /* MediaChunk.swift */; };
		E76B12BF2CAA003A0003E398 /* MediaChunk.swift in Sources */ = {isa = PBXBuildFile; fileRef = E76B12BD2CAA003A0003E398 /* MediaChunk.swift */; };
		E76B12C02CAA003A0003E398 /* MediaChunk.swift in Sources */ = {isa = PBXBuildFile; fileRef = E76B12BD2CAA003A0003E398 /* MediaChunk.swift */; };
		E77BD1B72CB2D07F000AE0E4 /* MediaChunkTests.swift in Sources */ = {isa = PBXBuildFile; fileRef = E77BD1B62CB2D07F000AE0E4 /* MediaChunkTests.swift */; };
		E77BD1B92CB330F3000AE0E4 /* GoRequest.swift in Sources */ = {isa = PBXBuildFile; fileRef = E77BD1B82CB330F3000AE0E4 /* GoRequest.swift */; };
		E77BD1BA2CB330F3000AE0E4 /* GoRequest.swift in Sources */ = {isa = PBXBuildFile; fileRef = E77BD1B82CB330F3000AE0E4 /* GoRequest.swift */; };
		E77BD1BB2CB330F3000AE0E4 /* GoRequest.swift in Sources */ = {isa = PBXBuildFile; fileRef = E77BD1B82CB330F3000AE0E4 /* GoRequest.swift */; };
		E77BD1BD2CB33318000AE0E4 /* GoRequestTests.swift in Sources */ = {isa = PBXBuildFile; fileRef = E77BD1BC2CB33318000AE0E4 /* GoRequestTests.swift */; };
		E77DFCE52BA39E9C005601D7 /* ScreenCapturePacket.swift in Sources */ = {isa = PBXBuildFile; fileRef = E77DFCE42BA39E9C005601D7 /* ScreenCapturePacket.swift */; };
		E77DFCF12BA3A58B005601D7 /* ScreenCapturePacketTests.swift in Sources */ = {isa = PBXBuildFile; fileRef = E77DFCF02BA3A58B005601D7 /* ScreenCapturePacketTests.swift */; };
		E77DFCF72BA3AF95005601D7 /* ArgumentParser in Frameworks */ = {isa = PBXBuildFile; productRef = E77DFCF62BA3AF95005601D7 /* ArgumentParser */; };
		E78FBE602C1CA37F007DAE77 /* VideoClock.swift in Sources */ = {isa = PBXBuildFile; fileRef = E78FBE5F2C1CA37F007DAE77 /* VideoClock.swift */; };
		E78FBE612C1CA37F007DAE77 /* VideoClock.swift in Sources */ = {isa = PBXBuildFile; fileRef = E78FBE5F2C1CA37F007DAE77 /* VideoClock.swift */; };
		E78FBE632C1CAAA7007DAE77 /* VideoClock.swift in Sources */ = {isa = PBXBuildFile; fileRef = E78FBE5F2C1CA37F007DAE77 /* VideoClock.swift */; };
		E78FBE642C1CAB0B007DAE77 /* Reply.swift in Sources */ = {isa = PBXBuildFile; fileRef = E79F4C572BDEF65F00F28AE2 /* Reply.swift */; };
		E799598F2BA3B72F00CFBB54 /* ScreenCapturePacket.swift in Sources */ = {isa = PBXBuildFile; fileRef = E77DFCE42BA39E9C005601D7 /* ScreenCapturePacket.swift */; };
		E79F4C442BDEF18200F28AE2 /* Prefix.swift in Sources */ = {isa = PBXBuildFile; fileRef = E79F4C432BDEF18200F28AE2 /* Prefix.swift */; };
		E79F4C452BDEF18200F28AE2 /* Prefix.swift in Sources */ = {isa = PBXBuildFile; fileRef = E79F4C432BDEF18200F28AE2 /* Prefix.swift */; };
		E79F4C472BDEF2C100F28AE2 /* Number.swift in Sources */ = {isa = PBXBuildFile; fileRef = E79F4C462BDEF2C100F28AE2 /* Number.swift */; };
		E79F4C482BDEF2C100F28AE2 /* Number.swift in Sources */ = {isa = PBXBuildFile; fileRef = E79F4C462BDEF2C100F28AE2 /* Number.swift */; };
		E79F4C4A2BDEF37900F28AE2 /* Dictionary.swift in Sources */ = {isa = PBXBuildFile; fileRef = E79F4C492BDEF37900F28AE2 /* Dictionary.swift */; };
		E79F4C4B2BDEF37900F28AE2 /* Dictionary.swift in Sources */ = {isa = PBXBuildFile; fileRef = E79F4C492BDEF37900F28AE2 /* Dictionary.swift */; };
		E79F4C4C2BDEF42800F28AE2 /* Number.swift in Sources */ = {isa = PBXBuildFile; fileRef = E79F4C462BDEF2C100F28AE2 /* Number.swift */; };
		E79F4C4D2BDEF43900F28AE2 /* Prefix.swift in Sources */ = {isa = PBXBuildFile; fileRef = E79F4C432BDEF18200F28AE2 /* Prefix.swift */; };
		E79F4C4E2BDEF43C00F28AE2 /* Dictionary.swift in Sources */ = {isa = PBXBuildFile; fileRef = E79F4C492BDEF37900F28AE2 /* Dictionary.swift */; };
		E79F4C502BDEF52100F28AE2 /* Header.swift in Sources */ = {isa = PBXBuildFile; fileRef = E79F4C4F2BDEF52100F28AE2 /* Header.swift */; };
		E79F4C512BDEF52100F28AE2 /* Header.swift in Sources */ = {isa = PBXBuildFile; fileRef = E79F4C4F2BDEF52100F28AE2 /* Header.swift */; };
		E79F4C532BDEF59C00F28AE2 /* Ping.swift in Sources */ = {isa = PBXBuildFile; fileRef = E79F4C522BDEF59C00F28AE2 /* Ping.swift */; };
		E79F4C542BDEF59C00F28AE2 /* Ping.swift in Sources */ = {isa = PBXBuildFile; fileRef = E79F4C522BDEF59C00F28AE2 /* Ping.swift */; };
		E79F4C552BDEF5BA00F28AE2 /* Ping.swift in Sources */ = {isa = PBXBuildFile; fileRef = E79F4C522BDEF59C00F28AE2 /* Ping.swift */; };
		E79F4C562BDEF5C000F28AE2 /* Header.swift in Sources */ = {isa = PBXBuildFile; fileRef = E79F4C4F2BDEF52100F28AE2 /* Header.swift */; };
		E79F4C582BDEF65F00F28AE2 /* Reply.swift in Sources */ = {isa = PBXBuildFile; fileRef = E79F4C572BDEF65F00F28AE2 /* Reply.swift */; };
		E79F4C592BDEF65F00F28AE2 /* Reply.swift in Sources */ = {isa = PBXBuildFile; fileRef = E79F4C572BDEF65F00F28AE2 /* Reply.swift */; };
		E79F4C5B2BDEF81400F28AE2 /* Data+Utilities.swift in Sources */ = {isa = PBXBuildFile; fileRef = E79F4C5A2BDEF81400F28AE2 /* Data+Utilities.swift */; };
		E79F4C5C2BDEF81400F28AE2 /* Data+Utilities.swift in Sources */ = {isa = PBXBuildFile; fileRef = E79F4C5A2BDEF81400F28AE2 /* Data+Utilities.swift */; };
		E79F4C5D2BDEF81A00F28AE2 /* Data+Utilities.swift in Sources */ = {isa = PBXBuildFile; fileRef = E79F4C5A2BDEF81400F28AE2 /* Data+Utilities.swift */; };
		E79F4C5F2BDEF8AB00F28AE2 /* HostDescription.swift in Sources */ = {isa = PBXBuildFile; fileRef = E79F4C5E2BDEF8AB00F28AE2 /* HostDescription.swift */; };
		E79F4C602BDEF8AB00F28AE2 /* HostDescription.swift in Sources */ = {isa = PBXBuildFile; fileRef = E79F4C5E2BDEF8AB00F28AE2 /* HostDescription.swift */; };
		E79F4C612BDEF8F300F28AE2 /* HostDescription.swift in Sources */ = {isa = PBXBuildFile; fileRef = E79F4C5E2BDEF8AB00F28AE2 /* HostDescription.swift */; };
		E79F4C632BDEF9F400F28AE2 /* AudioClock.swift in Sources */ = {isa = PBXBuildFile; fileRef = E79F4C622BDEF9F400F28AE2 /* AudioClock.swift */; };
		E79F4C642BDEF9F400F28AE2 /* AudioClock.swift in Sources */ = {isa = PBXBuildFile; fileRef = E79F4C622BDEF9F400F28AE2 /* AudioClock.swift */; };
		E79F4C652BDEF9F400F28AE2 /* AudioClock.swift in Sources */ = {isa = PBXBuildFile; fileRef = E79F4C622BDEF9F400F28AE2 /* AudioClock.swift */; };
		E79F4C672BDEFA3800F28AE2 /* PacketParser.swift in Sources */ = {isa = PBXBuildFile; fileRef = E79F4C662BDEFA3800F28AE2 /* PacketParser.swift */; };
		E79F4C682BDEFA3800F28AE2 /* PacketParser.swift in Sources */ = {isa = PBXBuildFile; fileRef = E79F4C662BDEFA3800F28AE2 /* PacketParser.swift */; };
		E79F4C692BDEFA3800F28AE2 /* PacketParser.swift in Sources */ = {isa = PBXBuildFile; fileRef = E79F4C662BDEFA3800F28AE2 /* PacketParser.swift */; };
		E79F4C6B2BDF194000F28AE2 /* AudioFormat.swift in Sources */ = {isa = PBXBuildFile; fileRef = E79F4C6A2BDF194000F28AE2 /* AudioFormat.swift */; };
		E79F4C6C2BDF194000F28AE2 /* AudioFormat.swift in Sources */ = {isa = PBXBuildFile; fileRef = E79F4C6A2BDF194000F28AE2 /* AudioFormat.swift */; };
		E79F4C6D2BDF194000F28AE2 /* AudioFormat.swift in Sources */ = {isa = PBXBuildFile; fileRef = E79F4C6A2BDF194000F28AE2 /* AudioFormat.swift */; };
		E79F4C6F2BE6903900F28AE2 /* HeaderTests.swift in Sources */ = {isa = PBXBuildFile; fileRef = E79F4C6E2BE6903900F28AE2 /* HeaderTests.swift */; };
		E79F4C712BE6D52300F28AE2 /* DictionaryTests.swift in Sources */ = {isa = PBXBuildFile; fileRef = E79F4C702BE6D52300F28AE2 /* DictionaryTests.swift */; };
		E79F4C732BF90EB900F28AE2 /* NumberTests.swift in Sources */ = {isa = PBXBuildFile; fileRef = E79F4C722BF90EB900F28AE2 /* NumberTests.swift */; };
		E79F4C752BFA3FCD00F28AE2 /* Array.swift in Sources */ = {isa = PBXBuildFile; fileRef = E79F4C742BFA3FCD00F28AE2 /* Array.swift */; };
		E79F4C762BFA3FCD00F28AE2 /* Array.swift in Sources */ = {isa = PBXBuildFile; fileRef = E79F4C742BFA3FCD00F28AE2 /* Array.swift */; };
		E79F4C772BFA3FCD00F28AE2 /* Array.swift in Sources */ = {isa = PBXBuildFile; fileRef = E79F4C742BFA3FCD00F28AE2 /* Array.swift */; };
		E79F4C792BFA499000F28AE2 /* ArrayTests.swift in Sources */ = {isa = PBXBuildFile; fileRef = E79F4C782BFA499000F28AE2 /* ArrayTests.swift */; };
		E7B4A6D32CA8AD67007B245E /* AudioFormatTests.swift in Sources */ = {isa = PBXBuildFile; fileRef = E7B4A6D22CA8AD67007B245E /* AudioFormatTests.swift */; };
		E7B864A22C5593D0009640B6 /* VideoClockTests.swift in Sources */ = {isa = PBXBuildFile; fileRef = E7B864A12C5593D0009640B6 /* VideoClockTests.swift */; };
		E7B9EEBE2BA772D7006631E7 /* ScreenCaptureDevice.swift in Sources */ = {isa = PBXBuildFile; fileRef = E7D372EA2B856B8B004EE79D /* ScreenCaptureDevice.swift */; };
		E7B9EEC12BA7C9A3006631E7 /* Recorder.swift in Sources */ = {isa = PBXBuildFile; fileRef = E7B9EEC02BA7C9A3006631E7 /* Recorder.swift */; };
		E7B9EEC32BAF45A9006631E7 /* ScreenCapturePacket.swift in Sources */ = {isa = PBXBuildFile; fileRef = E77DFCE42BA39E9C005601D7 /* ScreenCapturePacket.swift */; };
		E7B9EEC42BAF45B7006631E7 /* ScreenCaptureDevice.swift in Sources */ = {isa = PBXBuildFile; fileRef = E7D372EA2B856B8B004EE79D /* ScreenCaptureDevice.swift */; };
		E7B9EEC52BAF45BF006631E7 /* Device.swift in Sources */ = {isa = PBXBuildFile; fileRef = E7D372F92B93E5DA004EE79D /* Device.swift */; };
		E7D372E22B8563C0004EE79D /* ArgumentParser in Frameworks */ = {isa = PBXBuildFile; productRef = E7D372E12B8563C0004EE79D /* ArgumentParser */; };
		E7D372E42B8563C0004EE79D /* generate-manual in Frameworks */ = {isa = PBXBuildFile; productRef = E7D372E32B8563C0004EE79D /* generate-manual */; };
		E7D372E62B856733004EE79D /* RecordCommand.swift in Sources */ = {isa = PBXBuildFile; fileRef = E7D372E52B856733004EE79D /* RecordCommand.swift */; };
		E7D372EB2B856B8B004EE79D /* ScreenCaptureDevice.swift in Sources */ = {isa = PBXBuildFile; fileRef = E7D372EA2B856B8B004EE79D /* ScreenCaptureDevice.swift */; };
		E7D372FA2B93E5DA004EE79D /* Device.swift in Sources */ = {isa = PBXBuildFile; fileRef = E7D372F92B93E5DA004EE79D /* Device.swift */; };
		E7D372FC2B941218004EE79D /* Util.swift in Sources */ = {isa = PBXBuildFile; fileRef = E7D372FB2B941218004EE79D /* Util.swift */; };
		E7F2B5C72CA8D59000AD4CB7 /* SetProperty.swift in Sources */ = {isa = PBXBuildFile; fileRef = E7F2B5C62CA8D59000AD4CB7 /* SetProperty.swift */; };
		E7F2B5C82CA8D59000AD4CB7 /* SetProperty.swift in Sources */ = {isa = PBXBuildFile; fileRef = E7F2B5C62CA8D59000AD4CB7 /* SetProperty.swift */; };
		E7F2B5C92CA8D59000AD4CB7 /* SetProperty.swift in Sources */ = {isa = PBXBuildFile; fileRef = E7F2B5C62CA8D59000AD4CB7 /* SetProperty.swift */; };
		E7F2B5CB2CA98DC500AD4CB7 /* SetPropertyTests.swift in Sources */ = {isa = PBXBuildFile; fileRef = E7F2B5CA2CA98DC500AD4CB7 /* SetPropertyTests.swift */; };
		E7F2B5CD2CA9988300AD4CB7 /* HostClockRequest.swift in Sources */ = {isa = PBXBuildFile; fileRef = E7F2B5CC2CA9988300AD4CB7 /* HostClockRequest.swift */; };
		E7F2B5CE2CA9988300AD4CB7 /* HostClockRequest.swift in Sources */ = {isa = PBXBuildFile; fileRef = E7F2B5CC2CA9988300AD4CB7 /* HostClockRequest.swift */; };
		E7F2B5CF2CA9988300AD4CB7 /* HostClockRequest.swift in Sources */ = {isa = PBXBuildFile; fileRef = E7F2B5CC2CA9988300AD4CB7 /* HostClockRequest.swift */; };
		E7F2B5D12CA9AA3500AD4CB7 /* HostClockRequestTests.swift in Sources */ = {isa = PBXBuildFile; fileRef = E7F2B5D02CA9AA3500AD4CB7 /* HostClockRequestTests.swift */; };
		E7F9F12A2C9FA565004CEE22 /* FormatDescriptionTests.swift in Sources */ = {isa = PBXBuildFile; fileRef = E7F9F1292C9FA565004CEE22 /* FormatDescriptionTests.swift */; };
		E7FC8D252C56C53F00625F03 /* HostDescriptionTests.swift in Sources */ = {isa = PBXBuildFile; fileRef = E7FC8D242C56C53F00625F03 /* HostDescriptionTests.swift */; };
		E7FC8D272C56D1A100625F03 /* VideoDataRequestTests.swift in Sources */ = {isa = PBXBuildFile; fileRef = E7FC8D262C56D1A100625F03 /* VideoDataRequestTests.swift */; };
		E7FC8D292C56D5F700625F03 /* AudioClockTests.swift in Sources */ = {isa = PBXBuildFile; fileRef = E7FC8D282C56D5F700625F03 /* AudioClockTests.swift */; };
		E7FC8D2B2C56E39C00625F03 /* StreamDescription.swift in Sources */ = {isa = PBXBuildFile; fileRef = E7FC8D2A2C56E39C00625F03 /* StreamDescription.swift */; };
		E7FC8D2C2C56E39C00625F03 /* StreamDescription.swift in Sources */ = {isa = PBXBuildFile; fileRef = E7FC8D2A2C56E39C00625F03 /* StreamDescription.swift */; };
		E7FC8D2D2C56E39C00625F03 /* StreamDescription.swift in Sources */ = {isa = PBXBuildFile; fileRef = E7FC8D2A2C56E39C00625F03 /* StreamDescription.swift */; };
		E7FC8D2F2C56ED9900625F03 /* StreamDescriptionTests.swift in Sources */ = {isa = PBXBuildFile; fileRef = E7FC8D2E2C56ED9900625F03 /* StreamDescriptionTests.swift */; };
		E7FC8D312C572B6700625F03 /* FormatDescription.swift in Sources */ = {isa = PBXBuildFile; fileRef = E7FC8D302C572B6700625F03 /* FormatDescription.swift */; };
		E7FC8D322C572B6700625F03 /* FormatDescription.swift in Sources */ = {isa = PBXBuildFile; fileRef = E7FC8D302C572B6700625F03 /* FormatDescription.swift */; };
		E7FC8D332C572B6700625F03 /* FormatDescription.swift in Sources */ = {isa = PBXBuildFile; fileRef = E7FC8D302C572B6700625F03 /* FormatDescription.swift */; };
		E7FD25A22C23BD4D007F289A /* VideoDataRequest.swift in Sources */ = {isa = PBXBuildFile; fileRef = E7FD25A12C23BD4D007F289A /* VideoDataRequest.swift */; };
		E7FD25A32C23BD4D007F289A /* VideoDataRequest.swift in Sources */ = {isa = PBXBuildFile; fileRef = E7FD25A12C23BD4D007F289A /* VideoDataRequest.swift */; };
		E7FD25A42C23BD4D007F289A /* VideoDataRequest.swift in Sources */ = {isa = PBXBuildFile; fileRef = E7FD25A12C23BD4D007F289A /* VideoDataRequest.swift */; };
/* End PBXBuildFile section */

/* Begin PBXContainerItemProxy section */
		E75237E32BA628FB002C44F8 /* PBXContainerItemProxy */ = {
			isa = PBXContainerItemProxy;
			containerPortal = E74ED4C62B85629A0079AE68 /* Project object */;
			proxyType = 1;
			remoteGlobalIDString = E75237D72BA627F0002C44F8;
			remoteInfo = IOKitInterposer;
		};
		E75237EC2BA6705A002C44F8 /* PBXContainerItemProxy */ = {
			isa = PBXContainerItemProxy;
			containerPortal = E74ED4C62B85629A0079AE68 /* Project object */;
			proxyType = 1;
			remoteGlobalIDString = E74ED4CD2B85629A0079AE68;
			remoteInfo = "ios-screen-capture";
		};
		E77DFCF82BA3B06A005601D7 /* PBXContainerItemProxy */ = {
			isa = PBXContainerItemProxy;
			containerPortal = E74ED4C62B85629A0079AE68 /* Project object */;
			proxyType = 1;
			remoteGlobalIDString = E74ED4CD2B85629A0079AE68;
			remoteInfo = "ios-screen-capture";
		};
/* End PBXContainerItemProxy section */

/* Begin PBXCopyFilesBuildPhase section */
		E74ED4CC2B85629A0079AE68 /* CopyFiles */ = {
			isa = PBXCopyFilesBuildPhase;
			buildActionMask = 2147483647;
			dstPath = /usr/share/man/man1/;
			dstSubfolderSpec = 0;
			files = (
			);
			runOnlyForDeploymentPostprocessing = 1;
		};
		E75237E62BA6292E002C44F8 /* CopyFiles */ = {
			isa = PBXCopyFilesBuildPhase;
			buildActionMask = 2147483647;
			dstPath = "";
			dstSubfolderSpec = 16;
			files = (
				E75237E72BA62959002C44F8 /* libIOKitInterposer.dylib in CopyFiles */,
			);
			runOnlyForDeploymentPostprocessing = 0;
		};
/* End PBXCopyFilesBuildPhase section */

/* Begin PBXFileReference section */
		E74ED4CE2B85629A0079AE68 /* ios-screen-capture */ = {isa = PBXFileReference; explicitFileType = "compiled.mach-o.executable"; includeInIndex = 0; path = "ios-screen-capture"; sourceTree = BUILT_PRODUCTS_DIR; };
		E75237CC2BA6257C002C44F8 /* ScreenCaptureDeviceTests.xctest */ = {isa = PBXFileReference; explicitFileType = wrapper.cfbundle; includeInIndex = 0; path = ScreenCaptureDeviceTests.xctest; sourceTree = BUILT_PRODUCTS_DIR; };
		E75237CE2BA6257C002C44F8 /* DeviceTests.swift */ = {isa = PBXFileReference; lastKnownFileType = sourcecode.swift; path = DeviceTests.swift; sourceTree = "<group>"; };
		E75237D32BA62757002C44F8 /* all.xctestplan */ = {isa = PBXFileReference; lastKnownFileType = text; name = all.xctestplan; path = "ios-screen-capture/Tests/all.xctestplan"; sourceTree = SOURCE_ROOT; };
		E75237D82BA627F0002C44F8 /* libIOKitInterposer.dylib */ = {isa = PBXFileReference; explicitFileType = "compiled.mach-o.dylib"; includeInIndex = 0; path = libIOKitInterposer.dylib; sourceTree = BUILT_PRODUCTS_DIR; };
		E75237DA2BA627F0002C44F8 /* IOKitInterposer.h */ = {isa = PBXFileReference; lastKnownFileType = sourcecode.c.h; path = IOKitInterposer.h; sourceTree = "<group>"; };
		E75237E82BA62BC5002C44F8 /* IOKitInterposer.c */ = {isa = PBXFileReference; lastKnownFileType = sourcecode.c.c; path = IOKitInterposer.c; sourceTree = "<group>"; };
		E75237EA2BA66C72002C44F8 /* ScreenCaptureDeviceTests.swift */ = {isa = PBXFileReference; lastKnownFileType = sourcecode.swift; path = ScreenCaptureDeviceTests.swift; sourceTree = "<group>"; };
		E76B12B12CA9BF890003E398 /* TimeRequest.swift */ = {isa = PBXFileReference; lastKnownFileType = sourcecode.swift; path = TimeRequest.swift; sourceTree = "<group>"; };
		E76B12B52CA9BFEC0003E398 /* TimeRequestTests.swift */ = {isa = PBXFileReference; lastKnownFileType = sourcecode.swift; path = TimeRequestTests.swift; sourceTree = "<group>"; };
		E76B12B72CA9C8640003E398 /* Time.swift */ = {isa = PBXFileReference; lastKnownFileType = sourcecode.swift; path = Time.swift; sourceTree = "<group>"; };
		E76B12BB2CA9C8DE0003E398 /* TimeTests.swift */ = {isa = PBXFileReference; lastKnownFileType = sourcecode.swift; path = TimeTests.swift; sourceTree = "<group>"; };
		E76B12BD2CAA003A0003E398 /* MediaChunk.swift */ = {isa = PBXFileReference; lastKnownFileType = sourcecode.swift; path = MediaChunk.swift; sourceTree = "<group>"; };
		E77BD1B62CB2D07F000AE0E4 /* MediaChunkTests.swift */ = {isa = PBXFileReference; lastKnownFileType = sourcecode.swift; path = MediaChunkTests.swift; sourceTree = "<group>"; };
		E77BD1B82CB330F3000AE0E4 /* GoRequest.swift */ = {isa = PBXFileReference; lastKnownFileType = sourcecode.swift; path = GoRequest.swift; sourceTree = "<group>"; };
		E77BD1BC2CB33318000AE0E4 /* GoRequestTests.swift */ = {isa = PBXFileReference; lastKnownFileType = sourcecode.swift; path = GoRequestTests.swift; sourceTree = "<group>"; };
		E77DFCE42BA39E9C005601D7 /* ScreenCapturePacket.swift */ = {isa = PBXFileReference; lastKnownFileType = sourcecode.swift; path = ScreenCapturePacket.swift; sourceTree = "<group>"; };
		E77DFCEE2BA3A58B005601D7 /* ScreenCaptureTests.xctest */ = {isa = PBXFileReference; explicitFileType = wrapper.cfbundle; includeInIndex = 0; path = ScreenCaptureTests.xctest; sourceTree = BUILT_PRODUCTS_DIR; };
		E77DFCF02BA3A58B005601D7 /* ScreenCapturePacketTests.swift */ = {isa = PBXFileReference; lastKnownFileType = sourcecode.swift; path = ScreenCapturePacketTests.swift; sourceTree = "<group>"; };
		E78FBE5F2C1CA37F007DAE77 /* VideoClock.swift */ = {isa = PBXFileReference; lastKnownFileType = sourcecode.swift; path = VideoClock.swift; sourceTree = "<group>"; };
		E79F4C432BDEF18200F28AE2 /* Prefix.swift */ = {isa = PBXFileReference; lastKnownFileType = sourcecode.swift; path = Prefix.swift; sourceTree = "<group>"; };
		E79F4C462BDEF2C100F28AE2 /* Number.swift */ = {isa = PBXFileReference; lastKnownFileType = sourcecode.swift; path = Number.swift; sourceTree = "<group>"; };
		E79F4C492BDEF37900F28AE2 /* Dictionary.swift */ = {isa = PBXFileReference; lastKnownFileType = sourcecode.swift; path = Dictionary.swift; sourceTree = "<group>"; };
		E79F4C4F2BDEF52100F28AE2 /* Header.swift */ = {isa = PBXFileReference; lastKnownFileType = sourcecode.swift; path = Header.swift; sourceTree = "<group>"; };
		E79F4C522BDEF59C00F28AE2 /* Ping.swift */ = {isa = PBXFileReference; lastKnownFileType = sourcecode.swift; path = Ping.swift; sourceTree = "<group>"; };
		E79F4C572BDEF65F00F28AE2 /* Reply.swift */ = {isa = PBXFileReference; lastKnownFileType = sourcecode.swift; path = Reply.swift; sourceTree = "<group>"; };
		E79F4C5A2BDEF81400F28AE2 /* Data+Utilities.swift */ = {isa = PBXFileReference; lastKnownFileType = sourcecode.swift; path = "Data+Utilities.swift"; sourceTree = "<group>"; };
		E79F4C5E2BDEF8AB00F28AE2 /* HostDescription.swift */ = {isa = PBXFileReference; lastKnownFileType = sourcecode.swift; path = HostDescription.swift; sourceTree = "<group>"; };
		E79F4C622BDEF9F400F28AE2 /* AudioClock.swift */ = {isa = PBXFileReference; lastKnownFileType = sourcecode.swift; path = AudioClock.swift; sourceTree = "<group>"; };
		E79F4C662BDEFA3800F28AE2 /* PacketParser.swift */ = {isa = PBXFileReference; lastKnownFileType = sourcecode.swift; path = PacketParser.swift; sourceTree = "<group>"; };
		E79F4C6A2BDF194000F28AE2 /* AudioFormat.swift */ = {isa = PBXFileReference; lastKnownFileType = sourcecode.swift; path = AudioFormat.swift; sourceTree = "<group>"; };
		E79F4C6E2BE6903900F28AE2 /* HeaderTests.swift */ = {isa = PBXFileReference; lastKnownFileType = sourcecode.swift; path = HeaderTests.swift; sourceTree = "<group>"; };
		E79F4C702BE6D52300F28AE2 /* DictionaryTests.swift */ = {isa = PBXFileReference; lastKnownFileType = sourcecode.swift; path = DictionaryTests.swift; sourceTree = "<group>"; };
		E79F4C722BF90EB900F28AE2 /* NumberTests.swift */ = {isa = PBXFileReference; lastKnownFileType = sourcecode.swift; path = NumberTests.swift; sourceTree = "<group>"; };
		E79F4C742BFA3FCD00F28AE2 /* Array.swift */ = {isa = PBXFileReference; lastKnownFileType = sourcecode.swift; path = Array.swift; sourceTree = "<group>"; };
		E79F4C782BFA499000F28AE2 /* ArrayTests.swift */ = {isa = PBXFileReference; lastKnownFileType = sourcecode.swift; path = ArrayTests.swift; sourceTree = "<group>"; };
		E7B4A6D22CA8AD67007B245E /* AudioFormatTests.swift */ = {isa = PBXFileReference; lastKnownFileType = sourcecode.swift; path = AudioFormatTests.swift; sourceTree = "<group>"; };
		E7B864A12C5593D0009640B6 /* VideoClockTests.swift */ = {isa = PBXFileReference; lastKnownFileType = sourcecode.swift; path = VideoClockTests.swift; sourceTree = "<group>"; };
		E7B9EEC02BA7C9A3006631E7 /* Recorder.swift */ = {isa = PBXFileReference; lastKnownFileType = sourcecode.swift; path = Recorder.swift; sourceTree = "<group>"; };
		E7C0B6ED2BD489D60068BB4A /* protocol-reference.md */ = {isa = PBXFileReference; lastKnownFileType = net.daringfireball.markdown; path = "protocol-reference.md"; sourceTree = "<group>"; };
		E7D372E52B856733004EE79D /* RecordCommand.swift */ = {isa = PBXFileReference; lastKnownFileType = sourcecode.swift; path = RecordCommand.swift; sourceTree = "<group>"; };
		E7D372EA2B856B8B004EE79D /* ScreenCaptureDevice.swift */ = {isa = PBXFileReference; lastKnownFileType = sourcecode.swift; path = ScreenCaptureDevice.swift; sourceTree = "<group>"; };
		E7D372F92B93E5DA004EE79D /* Device.swift */ = {isa = PBXFileReference; lastKnownFileType = sourcecode.swift; path = Device.swift; sourceTree = "<group>"; };
		E7D372FB2B941218004EE79D /* Util.swift */ = {isa = PBXFileReference; lastKnownFileType = sourcecode.swift; path = Util.swift; sourceTree = "<group>"; };
		E7F2B5C62CA8D59000AD4CB7 /* SetProperty.swift */ = {isa = PBXFileReference; lastKnownFileType = sourcecode.swift; path = SetProperty.swift; sourceTree = "<group>"; };
		E7F2B5CA2CA98DC500AD4CB7 /* SetPropertyTests.swift */ = {isa = PBXFileReference; lastKnownFileType = sourcecode.swift; path = SetPropertyTests.swift; sourceTree = "<group>"; };
		E7F2B5CC2CA9988300AD4CB7 /* HostClockRequest.swift */ = {isa = PBXFileReference; lastKnownFileType = sourcecode.swift; path = HostClockRequest.swift; sourceTree = "<group>"; };
		E7F2B5D02CA9AA3500AD4CB7 /* HostClockRequestTests.swift */ = {isa = PBXFileReference; lastKnownFileType = sourcecode.swift; path = HostClockRequestTests.swift; sourceTree = "<group>"; };
		E7F9F1292C9FA565004CEE22 /* FormatDescriptionTests.swift */ = {isa = PBXFileReference; lastKnownFileType = sourcecode.swift; path = FormatDescriptionTests.swift; sourceTree = "<group>"; };
		E7FC8D242C56C53F00625F03 /* HostDescriptionTests.swift */ = {isa = PBXFileReference; lastKnownFileType = sourcecode.swift; path = HostDescriptionTests.swift; sourceTree = "<group>"; };
		E7FC8D262C56D1A100625F03 /* VideoDataRequestTests.swift */ = {isa = PBXFileReference; lastKnownFileType = sourcecode.swift; path = VideoDataRequestTests.swift; sourceTree = "<group>"; };
		E7FC8D282C56D5F700625F03 /* AudioClockTests.swift */ = {isa = PBXFileReference; lastKnownFileType = sourcecode.swift; path = AudioClockTests.swift; sourceTree = "<group>"; };
		E7FC8D2A2C56E39C00625F03 /* StreamDescription.swift */ = {isa = PBXFileReference; lastKnownFileType = sourcecode.swift; path = StreamDescription.swift; sourceTree = "<group>"; };
		E7FC8D2E2C56ED9900625F03 /* StreamDescriptionTests.swift */ = {isa = PBXFileReference; lastKnownFileType = sourcecode.swift; path = StreamDescriptionTests.swift; sourceTree = "<group>"; };
		E7FC8D302C572B6700625F03 /* FormatDescription.swift */ = {isa = PBXFileReference; lastKnownFileType = sourcecode.swift; path = FormatDescription.swift; sourceTree = "<group>"; };
		E7FD25A12C23BD4D007F289A /* VideoDataRequest.swift */ = {isa = PBXFileReference; lastKnownFileType = sourcecode.swift; path = VideoDataRequest.swift; sourceTree = "<group>"; };
/* End PBXFileReference section */

/* Begin PBXFrameworksBuildPhase section */
		E74ED4CB2B85629A0079AE68 /* Frameworks */ = {
			isa = PBXFrameworksBuildPhase;
			buildActionMask = 2147483647;
			files = (
				E7D372E22B8563C0004EE79D /* ArgumentParser in Frameworks */,
				E7D372E42B8563C0004EE79D /* generate-manual in Frameworks */,
			);
			runOnlyForDeploymentPostprocessing = 0;
		};
		E75237C92BA6257C002C44F8 /* Frameworks */ = {
			isa = PBXFrameworksBuildPhase;
			buildActionMask = 2147483647;
			files = (
				E75237F32BA672F7002C44F8 /* ArgumentParser in Frameworks */,
				E75237E12BA628FB002C44F8 /* libIOKitInterposer.dylib in Frameworks */,
			);
			runOnlyForDeploymentPostprocessing = 0;
		};
		E75237D62BA627F0002C44F8 /* Frameworks */ = {
			isa = PBXFrameworksBuildPhase;
			buildActionMask = 2147483647;
			files = (
			);
			runOnlyForDeploymentPostprocessing = 0;
		};
		E77DFCEB2BA3A58B005601D7 /* Frameworks */ = {
			isa = PBXFrameworksBuildPhase;
			buildActionMask = 2147483647;
			files = (
				E77DFCF72BA3AF95005601D7 /* ArgumentParser in Frameworks */,
			);
			runOnlyForDeploymentPostprocessing = 0;
		};
/* End PBXFrameworksBuildPhase section */

/* Begin PBXGroup section */
		E74ED4C52B85629A0079AE68 = {
			isa = PBXGroup;
			children = (
				E74ED4D02B85629A0079AE68 /* ios-screen-capture */,
				E74ED4CF2B85629A0079AE68 /* Products */,
				E77DFCF52BA3AF95005601D7 /* Frameworks */,
			);
			sourceTree = "<group>";
		};
		E74ED4CF2B85629A0079AE68 /* Products */ = {
			isa = PBXGroup;
			children = (
				E74ED4CE2B85629A0079AE68 /* ios-screen-capture */,
				E77DFCEE2BA3A58B005601D7 /* ScreenCaptureTests.xctest */,
				E75237CC2BA6257C002C44F8 /* ScreenCaptureDeviceTests.xctest */,
				E75237D82BA627F0002C44F8 /* libIOKitInterposer.dylib */,
			);
			name = Products;
			sourceTree = "<group>";
		};
		E74ED4D02B85629A0079AE68 /* ios-screen-capture */ = {
			isa = PBXGroup;
			children = (
				E7D372E72B8567B3004EE79D /* Sources */,
				E77DFCE62BA3A3BE005601D7 /* Tests */,
				E7C0B6ED2BD489D60068BB4A /* protocol-reference.md */,
			);
			path = "ios-screen-capture";
			sourceTree = "<group>";
		};
		E75237CD2BA6257C002C44F8 /* USBTests */ = {
			isa = PBXGroup;
			children = (
				E75237D92BA627F0002C44F8 /* IOKitInterposer */,
				E75237CE2BA6257C002C44F8 /* DeviceTests.swift */,
				E75237EA2BA66C72002C44F8 /* ScreenCaptureDeviceTests.swift */,
			);
			path = USBTests;
			sourceTree = "<group>";
		};
		E75237D92BA627F0002C44F8 /* IOKitInterposer */ = {
			isa = PBXGroup;
			children = (
				E75237E82BA62BC5002C44F8 /* IOKitInterposer.c */,
				E75237DA2BA627F0002C44F8 /* IOKitInterposer.h */,
			);
			path = IOKitInterposer;
			sourceTree = "<group>";
		};
		E77DFCE62BA3A3BE005601D7 /* Tests */ = {
			isa = PBXGroup;
			children = (
				E75237D32BA62757002C44F8 /* all.xctestplan */,
				E75237CD2BA6257C002C44F8 /* USBTests */,
				E77DFCEF2BA3A58B005601D7 /* ScreenCaptureTests */,
			);
			path = Tests;
			sourceTree = "<group>";
		};
		E77DFCEF2BA3A58B005601D7 /* ScreenCaptureTests */ = {
			isa = PBXGroup;
			children = (
				E7B864A02C5592E5009640B6 /* Packet */,
				E77DFCF02BA3A58B005601D7 /* ScreenCapturePacketTests.swift */,
				E79F4C6E2BE6903900F28AE2 /* HeaderTests.swift */,
				E79F4C702BE6D52300F28AE2 /* DictionaryTests.swift */,
				E79F4C722BF90EB900F28AE2 /* NumberTests.swift */,
				E79F4C782BFA499000F28AE2 /* ArrayTests.swift */,
				E7F9F1292C9FA565004CEE22 /* FormatDescriptionTests.swift */,
				E76B12BB2CA9C8DE0003E398 /* TimeTests.swift */,
				E77BD1B62CB2D07F000AE0E4 /* MediaChunkTests.swift */,
			);
			path = ScreenCaptureTests;
			sourceTree = "<group>";
		};
		E77DFCF52BA3AF95005601D7 /* Frameworks */ = {
			isa = PBXGroup;
			children = (
			);
			name = Frameworks;
			sourceTree = "<group>";
		};
		E79F4C412BDEF09D00F28AE2 /* Packet */ = {
			isa = PBXGroup;
			children = (
				E79F4C4F2BDEF52100F28AE2 /* Header.swift */,
				E79F4C522BDEF59C00F28AE2 /* Ping.swift */,
				E79F4C572BDEF65F00F28AE2 /* Reply.swift */,
				E79F4C5E2BDEF8AB00F28AE2 /* HostDescription.swift */,
				E79F4C622BDEF9F400F28AE2 /* AudioClock.swift */,
				E79F4C662BDEFA3800F28AE2 /* PacketParser.swift */,
				E79F4C6A2BDF194000F28AE2 /* AudioFormat.swift */,
				E78FBE5F2C1CA37F007DAE77 /* VideoClock.swift */,
				E7FD25A12C23BD4D007F289A /* VideoDataRequest.swift */,
				E7FC8D2A2C56E39C00625F03 /* StreamDescription.swift */,
				E7F2B5C62CA8D59000AD4CB7 /* SetProperty.swift */,
				E7F2B5CC2CA9988300AD4CB7 /* HostClockRequest.swift */,
				E76B12B12CA9BF890003E398 /* TimeRequest.swift */,
				E77BD1B82CB330F3000AE0E4 /* GoRequest.swift */,
			);
			path = Packet;
			sourceTree = "<group>";
		};
		E79F4C422BDEF0CB00F28AE2 /* Object */ = {
			isa = PBXGroup;
			children = (
				E79F4C432BDEF18200F28AE2 /* Prefix.swift */,
				E79F4C462BDEF2C100F28AE2 /* Number.swift */,
				E79F4C492BDEF37900F28AE2 /* Dictionary.swift */,
				E79F4C742BFA3FCD00F28AE2 /* Array.swift */,
				E7FC8D302C572B6700625F03 /* FormatDescription.swift */,
				E76B12B72CA9C8640003E398 /* Time.swift */,
				E76B12BD2CAA003A0003E398 /* MediaChunk.swift */,
			);
			path = Object;
			sourceTree = "<group>";
		};
		E7B864A02C5592E5009640B6 /* Packet */ = {
			isa = PBXGroup;
			children = (
				E7B864A12C5593D0009640B6 /* VideoClockTests.swift */,
				E7FC8D242C56C53F00625F03 /* HostDescriptionTests.swift */,
				E7FC8D262C56D1A100625F03 /* VideoDataRequestTests.swift */,
				E7FC8D282C56D5F700625F03 /* AudioClockTests.swift */,
				E7FC8D2E2C56ED9900625F03 /* StreamDescriptionTests.swift */,
				E7B4A6D22CA8AD67007B245E /* AudioFormatTests.swift */,
				E7F2B5CA2CA98DC500AD4CB7 /* SetPropertyTests.swift */,
				E7F2B5D02CA9AA3500AD4CB7 /* HostClockRequestTests.swift */,
				E76B12B52CA9BFEC0003E398 /* TimeRequestTests.swift */,
				E77BD1BC2CB33318000AE0E4 /* GoRequestTests.swift */,
			);
			path = Packet;
			sourceTree = "<group>";
		};
		E7D372E72B8567B3004EE79D /* Sources */ = {
			isa = PBXGroup;
			children = (
				E7D372E92B856AF1004EE79D /* USB */,
				E7D372E82B856AC9004EE79D /* ScreenCapture */,
				E7D372E52B856733004EE79D /* RecordCommand.swift */,
			);
			path = Sources;
			sourceTree = "<group>";
		};
		E7D372E82B856AC9004EE79D /* ScreenCapture */ = {
			isa = PBXGroup;
			children = (
				E79F4C422BDEF0CB00F28AE2 /* Object */,
				E79F4C412BDEF09D00F28AE2 /* Packet */,
				E77DFCE42BA39E9C005601D7 /* ScreenCapturePacket.swift */,
				E7B9EEC02BA7C9A3006631E7 /* Recorder.swift */,
				E79F4C5A2BDEF81400F28AE2 /* Data+Utilities.swift */,
			);
			path = ScreenCapture;
			sourceTree = "<group>";
		};
		E7D372E92B856AF1004EE79D /* USB */ = {
			isa = PBXGroup;
			children = (
				E7D372EA2B856B8B004EE79D /* ScreenCaptureDevice.swift */,
				E7D372F92B93E5DA004EE79D /* Device.swift */,
				E7D372FB2B941218004EE79D /* Util.swift */,
			);
			path = USB;
			sourceTree = "<group>";
		};
/* End PBXGroup section */

/* Begin PBXHeadersBuildPhase section */
		E75237D42BA627F0002C44F8 /* Headers */ = {
			isa = PBXHeadersBuildPhase;
			buildActionMask = 2147483647;
			files = (
				E75237DB2BA627F0002C44F8 /* IOKitInterposer.h in Headers */,
			);
			runOnlyForDeploymentPostprocessing = 0;
		};
/* End PBXHeadersBuildPhase section */

/* Begin PBXNativeTarget section */
		E74ED4CD2B85629A0079AE68 /* ios-screen-capture */ = {
			isa = PBXNativeTarget;
			buildConfigurationList = E74ED4D52B85629A0079AE68 /* Build configuration list for PBXNativeTarget "ios-screen-capture" */;
			buildPhases = (
				E7B9EEBF2BA778AB006631E7 /* ShellScript */,
				E74ED4CA2B85629A0079AE68 /* Sources */,
				E74ED4CB2B85629A0079AE68 /* Frameworks */,
				E74ED4CC2B85629A0079AE68 /* CopyFiles */,
			);
			buildRules = (
			);
			dependencies = (
				E75237EF2BA672B8002C44F8 /* PBXTargetDependency */,
			);
			name = "ios-screen-capture";
			packageProductDependencies = (
				E7D372E12B8563C0004EE79D /* ArgumentParser */,
				E7D372E32B8563C0004EE79D /* generate-manual */,
			);
			productName = "ios-screen-capture";
			productReference = E74ED4CE2B85629A0079AE68 /* ios-screen-capture */;
			productType = "com.apple.product-type.tool";
		};
		E75237CB2BA6257C002C44F8 /* ScreenCaptureDeviceTests */ = {
			isa = PBXNativeTarget;
			buildConfigurationList = E75237D02BA6257C002C44F8 /* Build configuration list for PBXNativeTarget "ScreenCaptureDeviceTests" */;
			buildPhases = (
				E75237C82BA6257C002C44F8 /* Sources */,
				E75237C92BA6257C002C44F8 /* Frameworks */,
				E75237CA2BA6257C002C44F8 /* Resources */,
				E75237E62BA6292E002C44F8 /* CopyFiles */,
			);
			buildRules = (
			);
			dependencies = (
				E75237F12BA672D9002C44F8 /* PBXTargetDependency */,
				E75237ED2BA6705A002C44F8 /* PBXTargetDependency */,
				E75237E42BA628FB002C44F8 /* PBXTargetDependency */,
			);
			name = ScreenCaptureDeviceTests;
			packageProductDependencies = (
				E75237F22BA672F7002C44F8 /* ArgumentParser */,
			);
			productName = ScreenCaptureDeviceTests;
			productReference = E75237CC2BA6257C002C44F8 /* ScreenCaptureDeviceTests.xctest */;
			productType = "com.apple.product-type.bundle.unit-test";
		};
		E75237D72BA627F0002C44F8 /* IOKitInterposer */ = {
			isa = PBXNativeTarget;
			buildConfigurationList = E75237DE2BA627F0002C44F8 /* Build configuration list for PBXNativeTarget "IOKitInterposer" */;
			buildPhases = (
				E75237D42BA627F0002C44F8 /* Headers */,
				E75237D52BA627F0002C44F8 /* Sources */,
				E75237D62BA627F0002C44F8 /* Frameworks */,
			);
			buildRules = (
			);
			dependencies = (
			);
			name = IOKitInterposer;
			productName = IOKitInterposer;
			productReference = E75237D82BA627F0002C44F8 /* libIOKitInterposer.dylib */;
			productType = "com.apple.product-type.library.dynamic";
		};
		E77DFCED2BA3A58B005601D7 /* ScreenCaptureTests */ = {
			isa = PBXNativeTarget;
			buildConfigurationList = E77DFCF22BA3A58B005601D7 /* Build configuration list for PBXNativeTarget "ScreenCaptureTests" */;
			buildPhases = (
				E77DFCEA2BA3A58B005601D7 /* Sources */,
				E77DFCEB2BA3A58B005601D7 /* Frameworks */,
				E77DFCEC2BA3A58B005601D7 /* Resources */,
			);
			buildRules = (
			);
			dependencies = (
				E75922F22BA3B58600716653 /* PBXTargetDependency */,
				E77DFCF92BA3B06A005601D7 /* PBXTargetDependency */,
			);
			name = ScreenCaptureTests;
			packageProductDependencies = (
				E77DFCF62BA3AF95005601D7 /* ArgumentParser */,
			);
			productName = ScreenCaptureTests;
			productReference = E77DFCEE2BA3A58B005601D7 /* ScreenCaptureTests.xctest */;
			productType = "com.apple.product-type.bundle.unit-test";
		};
/* End PBXNativeTarget section */

/* Begin PBXProject section */
		E74ED4C62B85629A0079AE68 /* Project object */ = {
			isa = PBXProject;
			attributes = {
				BuildIndependentTargetsInParallel = 1;
				LastSwiftUpdateCheck = 1520;
				LastUpgradeCheck = 1530;
				TargetAttributes = {
					E74ED4CD2B85629A0079AE68 = {
						CreatedOnToolsVersion = 15.2;
					};
					E75237CB2BA6257C002C44F8 = {
						CreatedOnToolsVersion = 15.2;
					};
					E75237D72BA627F0002C44F8 = {
						CreatedOnToolsVersion = 15.2;
					};
					E77DFCED2BA3A58B005601D7 = {
						CreatedOnToolsVersion = 15.2;
					};
				};
			};
			buildConfigurationList = E74ED4C92B85629A0079AE68 /* Build configuration list for PBXProject "ios-screen-capture" */;
			compatibilityVersion = "Xcode 14.0";
			developmentRegion = en;
			hasScannedForEncodings = 0;
			knownRegions = (
				en,
				Base,
			);
			mainGroup = E74ED4C52B85629A0079AE68;
			packageReferences = (
				E7D372E02B8563C0004EE79D /* XCRemoteSwiftPackageReference "swift-argument-parser" */,
			);
			productRefGroup = E74ED4CF2B85629A0079AE68 /* Products */;
			projectDirPath = "";
			projectRoot = "";
			targets = (
				E74ED4CD2B85629A0079AE68 /* ios-screen-capture */,
				E77DFCED2BA3A58B005601D7 /* ScreenCaptureTests */,
				E75237CB2BA6257C002C44F8 /* ScreenCaptureDeviceTests */,
				E75237D72BA627F0002C44F8 /* IOKitInterposer */,
			);
		};
/* End PBXProject section */

/* Begin PBXResourcesBuildPhase section */
		E75237CA2BA6257C002C44F8 /* Resources */ = {
			isa = PBXResourcesBuildPhase;
			buildActionMask = 2147483647;
			files = (
			);
			runOnlyForDeploymentPostprocessing = 0;
		};
		E77DFCEC2BA3A58B005601D7 /* Resources */ = {
			isa = PBXResourcesBuildPhase;
			buildActionMask = 2147483647;
			files = (
			);
			runOnlyForDeploymentPostprocessing = 0;
		};
/* End PBXResourcesBuildPhase section */

/* Begin PBXShellScriptBuildPhase section */
		E7B9EEBF2BA778AB006631E7 /* ShellScript */ = {
			isa = PBXShellScriptBuildPhase;
			alwaysOutOfDate = 1;
			buildActionMask = 2147483647;
			files = (
			);
			inputFileListPaths = (
			);
			inputPaths = (
			);
			outputFileListPaths = (
			);
			outputPaths = (
			);
			runOnlyForDeploymentPostprocessing = 0;
			shellPath = /bin/sh;
			shellScript = "# Type a script or drag a script file from your workspace to insert its path\n/opt/homebrew/bin/swift-format -i -r -p ${SRCROOT}\n\n";
		};
/* End PBXShellScriptBuildPhase section */

/* Begin PBXSourcesBuildPhase section */
		E74ED4CA2B85629A0079AE68 /* Sources */ = {
			isa = PBXSourcesBuildPhase;
			buildActionMask = 2147483647;
			files = (
				E79F4C502BDEF52100F28AE2 /* Header.swift in Sources */,
				E77BD1BA2CB330F3000AE0E4 /* GoRequest.swift in Sources */,
				E79F4C472BDEF2C100F28AE2 /* Number.swift in Sources */,
				E79F4C672BDEFA3800F28AE2 /* PacketParser.swift in Sources */,
				E76B12BF2CAA003A0003E398 /* MediaChunk.swift in Sources */,
				E7D372FA2B93E5DA004EE79D /* Device.swift in Sources */,
				E7F2B5CE2CA9988300AD4CB7 /* HostClockRequest.swift in Sources */,
				E7F2B5C82CA8D59000AD4CB7 /* SetProperty.swift in Sources */,
				E76B12BA2CA9C8640003E398 /* Time.swift in Sources */,
				E79F4C632BDEF9F400F28AE2 /* AudioClock.swift in Sources */,
				E77DFCE52BA39E9C005601D7 /* ScreenCapturePacket.swift in Sources */,
				E76B12B42CA9BF890003E398 /* TimeRequest.swift in Sources */,
				E79F4C5B2BDEF81400F28AE2 /* Data+Utilities.swift in Sources */,
				E79F4C532BDEF59C00F28AE2 /* Ping.swift in Sources */,
				E79F4C6B2BDF194000F28AE2 /* AudioFormat.swift in Sources */,
				E79F4C752BFA3FCD00F28AE2 /* Array.swift in Sources */,
				E7D372EB2B856B8B004EE79D /* ScreenCaptureDevice.swift in Sources */,
				E7FC8D312C572B6700625F03 /* FormatDescription.swift in Sources */,
				E7FC8D2B2C56E39C00625F03 /* StreamDescription.swift in Sources */,
				E79F4C582BDEF65F00F28AE2 /* Reply.swift in Sources */,
				E7B9EEC12BA7C9A3006631E7 /* Recorder.swift in Sources */,
				E79F4C4A2BDEF37900F28AE2 /* Dictionary.swift in Sources */,
				E79F4C442BDEF18200F28AE2 /* Prefix.swift in Sources */,
				E7D372E62B856733004EE79D /* RecordCommand.swift in Sources */,
				E79F4C5F2BDEF8AB00F28AE2 /* HostDescription.swift in Sources */,
				E78FBE602C1CA37F007DAE77 /* VideoClock.swift in Sources */,
				E7D372FC2B941218004EE79D /* Util.swift in Sources */,
				E7FD25A22C23BD4D007F289A /* VideoDataRequest.swift in Sources */,
			);
			runOnlyForDeploymentPostprocessing = 0;
		};
		E75237C82BA6257C002C44F8 /* Sources */ = {
			isa = PBXSourcesBuildPhase;
			buildActionMask = 2147483647;
			files = (
				E75237F52BA67488002C44F8 /* Util.swift in Sources */,
				E77BD1B92CB330F3000AE0E4 /* GoRequest.swift in Sources */,
				E79F4C652BDEF9F400F28AE2 /* AudioClock.swift in Sources */,
				E78FBE642C1CAB0B007DAE77 /* Reply.swift in Sources */,
				E76B12C02CAA003A0003E398 /* MediaChunk.swift in Sources */,
				E78FBE632C1CAAA7007DAE77 /* VideoClock.swift in Sources */,
				E7F2B5CD2CA9988300AD4CB7 /* HostClockRequest.swift in Sources */,
				E7F2B5C92CA8D59000AD4CB7 /* SetProperty.swift in Sources */,
				E76B12B82CA9C8640003E398 /* Time.swift in Sources */,
				E79F4C4C2BDEF42800F28AE2 /* Number.swift in Sources */,
				E79F4C772BFA3FCD00F28AE2 /* Array.swift in Sources */,
				E76B12B22CA9BF890003E398 /* TimeRequest.swift in Sources */,
				E79F4C692BDEFA3800F28AE2 /* PacketParser.swift in Sources */,
				E75237F42BA67403002C44F8 /* Device.swift in Sources */,
				E79F4C552BDEF5BA00F28AE2 /* Ping.swift in Sources */,
				E75237EB2BA66C72002C44F8 /* ScreenCaptureDeviceTests.swift in Sources */,
				E79F4C6D2BDF194000F28AE2 /* AudioFormat.swift in Sources */,
				E7FC8D332C572B6700625F03 /* FormatDescription.swift in Sources */,
				E7FC8D2D2C56E39C00625F03 /* StreamDescription.swift in Sources */,
				E79F4C562BDEF5C000F28AE2 /* Header.swift in Sources */,
				E75237CF2BA6257C002C44F8 /* DeviceTests.swift in Sources */,
				E79F4C4E2BDEF43C00F28AE2 /* Dictionary.swift in Sources */,
				E79F4C612BDEF8F300F28AE2 /* HostDescription.swift in Sources */,
				E79F4C5D2BDEF81A00F28AE2 /* Data+Utilities.swift in Sources */,
				E79F4C4D2BDEF43900F28AE2 /* Prefix.swift in Sources */,
				E7B9EEC32BAF45A9006631E7 /* ScreenCapturePacket.swift in Sources */,
				E7B9EEBE2BA772D7006631E7 /* ScreenCaptureDevice.swift in Sources */,
				E7FD25A42C23BD4D007F289A /* VideoDataRequest.swift in Sources */,
			);
			runOnlyForDeploymentPostprocessing = 0;
		};
		E75237D52BA627F0002C44F8 /* Sources */ = {
			isa = PBXSourcesBuildPhase;
			buildActionMask = 2147483647;
			files = (
				E75237E92BA62BC5002C44F8 /* IOKitInterposer.c in Sources */,
			);
			runOnlyForDeploymentPostprocessing = 0;
		};
		E77DFCEA2BA3A58B005601D7 /* Sources */ = {
			isa = PBXSourcesBuildPhase;
			buildActionMask = 2147483647;
			files = (
				E7FC8D2F2C56ED9900625F03 /* StreamDescriptionTests.swift in Sources */,
				E7B9EEC42BAF45B7006631E7 /* ScreenCaptureDevice.swift in Sources */,
				E79F4C762BFA3FCD00F28AE2 /* Array.swift in Sources */,
				E79F4C642BDEF9F400F28AE2 /* AudioClock.swift in Sources */,
				E76B12B32CA9BF890003E398 /* TimeRequest.swift in Sources */,
				E77BD1BD2CB33318000AE0E4 /* GoRequestTests.swift in Sources */,
				E7F9F12A2C9FA565004CEE22 /* FormatDescriptionTests.swift in Sources */,
				E76B12B92CA9C8640003E398 /* Time.swift in Sources */,
				E79F4C512BDEF52100F28AE2 /* Header.swift in Sources */,
				E79F4C682BDEFA3800F28AE2 /* PacketParser.swift in Sources */,
				E79F4C4B2BDEF37900F28AE2 /* Dictionary.swift in Sources */,
				E7F2B5D12CA9AA3500AD4CB7 /* HostClockRequestTests.swift in Sources */,
				E7B864A22C5593D0009640B6 /* VideoClockTests.swift in Sources */,
				E7FC8D252C56C53F00625F03 /* HostDescriptionTests.swift in Sources */,
				E7FC8D322C572B6700625F03 /* FormatDescription.swift in Sources */,
				E79F4C712BE6D52300F28AE2 /* DictionaryTests.swift in Sources */,
				E79F4C542BDEF59C00F28AE2 /* Ping.swift in Sources */,
				E79F4C482BDEF2C100F28AE2 /* Number.swift in Sources */,
				E79F4C6C2BDF194000F28AE2 /* AudioFormat.swift in Sources */,
				E79F4C452BDEF18200F28AE2 /* Prefix.swift in Sources */,
				E799598F2BA3B72F00CFBB54 /* ScreenCapturePacket.swift in Sources */,
				E79F4C732BF90EB900F28AE2 /* NumberTests.swift in Sources */,
				E76B12B62CA9BFEC0003E398 /* TimeRequestTests.swift in Sources */,
				E79F4C6F2BE6903900F28AE2 /* HeaderTests.swift in Sources */,
				E75237C72BA5D890002C44F8 /* Util.swift in Sources */,
				E7F2B5C72CA8D59000AD4CB7 /* SetProperty.swift in Sources */,
				E7F2B5CF2CA9988300AD4CB7 /* HostClockRequest.swift in Sources */,
				E79F4C792BFA499000F28AE2 /* ArrayTests.swift in Sources */,
				E7FC8D2C2C56E39C00625F03 /* StreamDescription.swift in Sources */,
				E76B12BC2CA9C8DE0003E398 /* TimeTests.swift in Sources */,
				E7FC8D292C56D5F700625F03 /* AudioClockTests.swift in Sources */,
				E79F4C602BDEF8AB00F28AE2 /* HostDescription.swift in Sources */,
				E7FC8D272C56D1A100625F03 /* VideoDataRequestTests.swift in Sources */,
				E76B12BE2CAA003A0003E398 /* MediaChunk.swift in Sources */,
				E79F4C5C2BDEF81400F28AE2 /* Data+Utilities.swift in Sources */,
				E77BD1B72CB2D07F000AE0E4 /* MediaChunkTests.swift in Sources */,
				E78FBE612C1CA37F007DAE77 /* VideoClock.swift in Sources */,
				E77DFCF12BA3A58B005601D7 /* ScreenCapturePacketTests.swift in Sources */,
				E7FD25A32C23BD4D007F289A /* VideoDataRequest.swift in Sources */,
				E77BD1BB2CB330F3000AE0E4 /* GoRequest.swift in Sources */,
				E7B9EEC52BAF45BF006631E7 /* Device.swift in Sources */,
				E7F2B5CB2CA98DC500AD4CB7 /* SetPropertyTests.swift in Sources */,
				E79F4C592BDEF65F00F28AE2 /* Reply.swift in Sources */,
				E7B4A6D32CA8AD67007B245E /* AudioFormatTests.swift in Sources */,
			);
			runOnlyForDeploymentPostprocessing = 0;
		};
/* End PBXSourcesBuildPhase section */

/* Begin PBXTargetDependency section */
		E75237E42BA628FB002C44F8 /* PBXTargetDependency */ = {
			isa = PBXTargetDependency;
			target = E75237D72BA627F0002C44F8 /* IOKitInterposer */;
			targetProxy = E75237E32BA628FB002C44F8 /* PBXContainerItemProxy */;
		};
		E75237ED2BA6705A002C44F8 /* PBXTargetDependency */ = {
			isa = PBXTargetDependency;
			target = E74ED4CD2B85629A0079AE68 /* ios-screen-capture */;
			targetProxy = E75237EC2BA6705A002C44F8 /* PBXContainerItemProxy */;
		};
		E75237EF2BA672B8002C44F8 /* PBXTargetDependency */ = {
			isa = PBXTargetDependency;
			productRef = E75237EE2BA672B8002C44F8 /* ArgumentParser */;
		};
		E75237F12BA672D9002C44F8 /* PBXTargetDependency */ = {
			isa = PBXTargetDependency;
			productRef = E75237F02BA672D9002C44F8 /* ArgumentParser */;
		};
		E75922F22BA3B58600716653 /* PBXTargetDependency */ = {
			isa = PBXTargetDependency;
			productRef = E75922F12BA3B58600716653 /* ArgumentParser */;
		};
		E77DFCF92BA3B06A005601D7 /* PBXTargetDependency */ = {
			isa = PBXTargetDependency;
			target = E74ED4CD2B85629A0079AE68 /* ios-screen-capture */;
			targetProxy = E77DFCF82BA3B06A005601D7 /* PBXContainerItemProxy */;
		};
/* End PBXTargetDependency section */

/* Begin XCBuildConfiguration section */
		E74ED4D32B85629A0079AE68 /* Debug */ = {
			isa = XCBuildConfiguration;
			buildSettings = {
				ALWAYS_SEARCH_USER_PATHS = NO;
				ASSETCATALOG_COMPILER_GENERATE_SWIFT_ASSET_SYMBOL_EXTENSIONS = YES;
				CLANG_ANALYZER_NONNULL = YES;
				CLANG_ANALYZER_NUMBER_OBJECT_CONVERSION = YES_AGGRESSIVE;
				CLANG_CXX_LANGUAGE_STANDARD = "gnu++20";
				CLANG_ENABLE_MODULES = YES;
				CLANG_ENABLE_OBJC_ARC = YES;
				CLANG_ENABLE_OBJC_WEAK = YES;
				CLANG_WARN_BLOCK_CAPTURE_AUTORELEASING = YES;
				CLANG_WARN_BOOL_CONVERSION = YES;
				CLANG_WARN_COMMA = YES;
				CLANG_WARN_CONSTANT_CONVERSION = YES;
				CLANG_WARN_DEPRECATED_OBJC_IMPLEMENTATIONS = YES;
				CLANG_WARN_DIRECT_OBJC_ISA_USAGE = YES_ERROR;
				CLANG_WARN_DOCUMENTATION_COMMENTS = YES;
				CLANG_WARN_EMPTY_BODY = YES;
				CLANG_WARN_ENUM_CONVERSION = YES;
				CLANG_WARN_INFINITE_RECURSION = YES;
				CLANG_WARN_INT_CONVERSION = YES;
				CLANG_WARN_NON_LITERAL_NULL_CONVERSION = YES;
				CLANG_WARN_OBJC_IMPLICIT_RETAIN_SELF = YES;
				CLANG_WARN_OBJC_LITERAL_CONVERSION = YES;
				CLANG_WARN_OBJC_ROOT_CLASS = YES_ERROR;
				CLANG_WARN_QUOTED_INCLUDE_IN_FRAMEWORK_HEADER = YES;
				CLANG_WARN_RANGE_LOOP_ANALYSIS = YES;
				CLANG_WARN_STRICT_PROTOTYPES = YES;
				CLANG_WARN_SUSPICIOUS_MOVE = YES;
				CLANG_WARN_UNGUARDED_AVAILABILITY = YES_AGGRESSIVE;
				CLANG_WARN_UNREACHABLE_CODE = YES;
				CLANG_WARN__DUPLICATE_METHOD_MATCH = YES;
				COPY_PHASE_STRIP = NO;
				DEAD_CODE_STRIPPING = YES;
				DEBUG_INFORMATION_FORMAT = dwarf;
				ENABLE_STRICT_OBJC_MSGSEND = YES;
				ENABLE_TESTABILITY = YES;
				ENABLE_USER_SCRIPT_SANDBOXING = YES;
				GCC_C_LANGUAGE_STANDARD = gnu17;
				GCC_DYNAMIC_NO_PIC = NO;
				GCC_NO_COMMON_BLOCKS = YES;
				GCC_OPTIMIZATION_LEVEL = 0;
				GCC_PREPROCESSOR_DEFINITIONS = (
					"DEBUG=1",
					"$(inherited)",
				);
				GCC_WARN_64_TO_32_BIT_CONVERSION = YES;
				GCC_WARN_ABOUT_RETURN_TYPE = YES_ERROR;
				GCC_WARN_UNDECLARED_SELECTOR = YES;
				GCC_WARN_UNINITIALIZED_AUTOS = YES_AGGRESSIVE;
				GCC_WARN_UNUSED_FUNCTION = YES;
				GCC_WARN_UNUSED_VARIABLE = YES;
				LOCALIZATION_PREFERS_STRING_CATALOGS = YES;
				MACOSX_DEPLOYMENT_TARGET = 14.2;
				MTL_ENABLE_DEBUG_INFO = INCLUDE_SOURCE;
				MTL_FAST_MATH = YES;
				ONLY_ACTIVE_ARCH = YES;
				SDKROOT = macosx;
				SWIFT_ACTIVE_COMPILATION_CONDITIONS = "DEBUG $(inherited)";
				SWIFT_OPTIMIZATION_LEVEL = "-Onone";
			};
			name = Debug;
		};
		E74ED4D42B85629A0079AE68 /* Release */ = {
			isa = XCBuildConfiguration;
			buildSettings = {
				ALWAYS_SEARCH_USER_PATHS = NO;
				ASSETCATALOG_COMPILER_GENERATE_SWIFT_ASSET_SYMBOL_EXTENSIONS = YES;
				CLANG_ANALYZER_NONNULL = YES;
				CLANG_ANALYZER_NUMBER_OBJECT_CONVERSION = YES_AGGRESSIVE;
				CLANG_CXX_LANGUAGE_STANDARD = "gnu++20";
				CLANG_ENABLE_MODULES = YES;
				CLANG_ENABLE_OBJC_ARC = YES;
				CLANG_ENABLE_OBJC_WEAK = YES;
				CLANG_WARN_BLOCK_CAPTURE_AUTORELEASING = YES;
				CLANG_WARN_BOOL_CONVERSION = YES;
				CLANG_WARN_COMMA = YES;
				CLANG_WARN_CONSTANT_CONVERSION = YES;
				CLANG_WARN_DEPRECATED_OBJC_IMPLEMENTATIONS = YES;
				CLANG_WARN_DIRECT_OBJC_ISA_USAGE = YES_ERROR;
				CLANG_WARN_DOCUMENTATION_COMMENTS = YES;
				CLANG_WARN_EMPTY_BODY = YES;
				CLANG_WARN_ENUM_CONVERSION = YES;
				CLANG_WARN_INFINITE_RECURSION = YES;
				CLANG_WARN_INT_CONVERSION = YES;
				CLANG_WARN_NON_LITERAL_NULL_CONVERSION = YES;
				CLANG_WARN_OBJC_IMPLICIT_RETAIN_SELF = YES;
				CLANG_WARN_OBJC_LITERAL_CONVERSION = YES;
				CLANG_WARN_OBJC_ROOT_CLASS = YES_ERROR;
				CLANG_WARN_QUOTED_INCLUDE_IN_FRAMEWORK_HEADER = YES;
				CLANG_WARN_RANGE_LOOP_ANALYSIS = YES;
				CLANG_WARN_STRICT_PROTOTYPES = YES;
				CLANG_WARN_SUSPICIOUS_MOVE = YES;
				CLANG_WARN_UNGUARDED_AVAILABILITY = YES_AGGRESSIVE;
				CLANG_WARN_UNREACHABLE_CODE = YES;
				CLANG_WARN__DUPLICATE_METHOD_MATCH = YES;
				COPY_PHASE_STRIP = NO;
				DEAD_CODE_STRIPPING = YES;
				DEBUG_INFORMATION_FORMAT = "dwarf-with-dsym";
				ENABLE_NS_ASSERTIONS = NO;
				ENABLE_STRICT_OBJC_MSGSEND = YES;
				ENABLE_USER_SCRIPT_SANDBOXING = YES;
				GCC_C_LANGUAGE_STANDARD = gnu17;
				GCC_NO_COMMON_BLOCKS = YES;
				GCC_WARN_64_TO_32_BIT_CONVERSION = YES;
				GCC_WARN_ABOUT_RETURN_TYPE = YES_ERROR;
				GCC_WARN_UNDECLARED_SELECTOR = YES;
				GCC_WARN_UNINITIALIZED_AUTOS = YES_AGGRESSIVE;
				GCC_WARN_UNUSED_FUNCTION = YES;
				GCC_WARN_UNUSED_VARIABLE = YES;
				LOCALIZATION_PREFERS_STRING_CATALOGS = YES;
				MACOSX_DEPLOYMENT_TARGET = 14.2;
				MTL_ENABLE_DEBUG_INFO = NO;
				MTL_FAST_MATH = YES;
				SDKROOT = macosx;
				SWIFT_COMPILATION_MODE = wholemodule;
			};
			name = Release;
		};
		E74ED4D62B85629A0079AE68 /* Debug */ = {
			isa = XCBuildConfiguration;
			buildSettings = {
				CODE_SIGN_ENTITLEMENTS = "ios-screen-capture/ios-screen-capture.entitlements";
				CODE_SIGN_STYLE = Automatic;
				DEAD_CODE_STRIPPING = YES;
				PRODUCT_NAME = "$(TARGET_NAME)";
				SWIFT_VERSION = 5.0;
			};
			name = Debug;
		};
		E74ED4D72B85629A0079AE68 /* Release */ = {
			isa = XCBuildConfiguration;
			buildSettings = {
				CODE_SIGN_ENTITLEMENTS = "ios-screen-capture/ios-screen-capture.entitlements";
				CODE_SIGN_STYLE = Automatic;
				DEAD_CODE_STRIPPING = YES;
				PRODUCT_NAME = "$(TARGET_NAME)";
				SWIFT_VERSION = 5.0;
			};
			name = Release;
		};
		E75237D12BA6257C002C44F8 /* Debug */ = {
			isa = XCBuildConfiguration;
			buildSettings = {
				CODE_SIGN_STYLE = Automatic;
				CURRENT_PROJECT_VERSION = 1;
				DEAD_CODE_STRIPPING = YES;
				GENERATE_INFOPLIST_FILE = YES;
				MARKETING_VERSION = 1.0;
				PRODUCT_BUNDLE_IDENTIFIER = dev.brandonmorris.ScreenCaptureDeviceTests;
				PRODUCT_NAME = "$(TARGET_NAME)";
				SWIFT_EMIT_LOC_STRINGS = NO;
				SWIFT_VERSION = 5.0;
			};
			name = Debug;
		};
		E75237D22BA6257C002C44F8 /* Release */ = {
			isa = XCBuildConfiguration;
			buildSettings = {
				CODE_SIGN_STYLE = Automatic;
				CURRENT_PROJECT_VERSION = 1;
				DEAD_CODE_STRIPPING = YES;
				GENERATE_INFOPLIST_FILE = YES;
				MARKETING_VERSION = 1.0;
				PRODUCT_BUNDLE_IDENTIFIER = dev.brandonmorris.ScreenCaptureDeviceTests;
				PRODUCT_NAME = "$(TARGET_NAME)";
				SWIFT_EMIT_LOC_STRINGS = NO;
				SWIFT_VERSION = 5.0;
			};
			name = Release;
		};
		E75237DF2BA627F0002C44F8 /* Debug */ = {
			isa = XCBuildConfiguration;
			buildSettings = {
				CODE_SIGN_STYLE = Automatic;
				DEAD_CODE_STRIPPING = YES;
				DYLIB_COMPATIBILITY_VERSION = 1;
				DYLIB_CURRENT_VERSION = 1;
				EXECUTABLE_PREFIX = lib;
				PRODUCT_NAME = "$(TARGET_NAME)";
				SKIP_INSTALL = YES;
			};
			name = Debug;
		};
		E75237E02BA627F0002C44F8 /* Release */ = {
			isa = XCBuildConfiguration;
			buildSettings = {
				CODE_SIGN_STYLE = Automatic;
				DEAD_CODE_STRIPPING = YES;
				DYLIB_COMPATIBILITY_VERSION = 1;
				DYLIB_CURRENT_VERSION = 1;
				EXECUTABLE_PREFIX = lib;
				PRODUCT_NAME = "$(TARGET_NAME)";
				SKIP_INSTALL = YES;
			};
			name = Release;
		};
		E77DFCF32BA3A58B005601D7 /* Debug */ = {
			isa = XCBuildConfiguration;
			buildSettings = {
				CODE_SIGN_STYLE = Automatic;
				CURRENT_PROJECT_VERSION = 1;
				DEAD_CODE_STRIPPING = YES;
				FRAMEWORK_SEARCH_PATHS = "$(inherit)";
				GENERATE_INFOPLIST_FILE = YES;
				MARKETING_VERSION = 1.0;
				MERGEABLE_LIBRARY = YES;
				MERGED_BINARY_TYPE = automatic;
				PRODUCT_BUNDLE_IDENTIFIER = dev.brandonmorris.ScreenCaptureTests;
				PRODUCT_NAME = "$(TARGET_NAME)";
				SWIFT_EMIT_LOC_STRINGS = NO;
				SWIFT_VERSION = 5.0;
			};
			name = Debug;
		};
		E77DFCF42BA3A58B005601D7 /* Release */ = {
			isa = XCBuildConfiguration;
			buildSettings = {
				CODE_SIGN_STYLE = Automatic;
				CURRENT_PROJECT_VERSION = 1;
				DEAD_CODE_STRIPPING = YES;
				FRAMEWORK_SEARCH_PATHS = "$(inherit)";
				GENERATE_INFOPLIST_FILE = YES;
				MARKETING_VERSION = 1.0;
				MERGEABLE_LIBRARY = YES;
				MERGED_BINARY_TYPE = automatic;
				PRODUCT_BUNDLE_IDENTIFIER = dev.brandonmorris.ScreenCaptureTests;
				PRODUCT_NAME = "$(TARGET_NAME)";
				SWIFT_EMIT_LOC_STRINGS = NO;
				SWIFT_VERSION = 5.0;
			};
			name = Release;
		};
/* End XCBuildConfiguration section */

/* Begin XCConfigurationList section */
		E74ED4C92B85629A0079AE68 /* Build configuration list for PBXProject "ios-screen-capture" */ = {
			isa = XCConfigurationList;
			buildConfigurations = (
				E74ED4D32B85629A0079AE68 /* Debug */,
				E74ED4D42B85629A0079AE68 /* Release */,
			);
			defaultConfigurationIsVisible = 0;
			defaultConfigurationName = Debug;
		};
		E74ED4D52B85629A0079AE68 /* Build configuration list for PBXNativeTarget "ios-screen-capture" */ = {
			isa = XCConfigurationList;
			buildConfigurations = (
				E74ED4D62B85629A0079AE68 /* Debug */,
				E74ED4D72B85629A0079AE68 /* Release */,
			);
			defaultConfigurationIsVisible = 0;
			defaultConfigurationName = Debug;
		};
		E75237D02BA6257C002C44F8 /* Build configuration list for PBXNativeTarget "ScreenCaptureDeviceTests" */ = {
			isa = XCConfigurationList;
			buildConfigurations = (
				E75237D12BA6257C002C44F8 /* Debug */,
				E75237D22BA6257C002C44F8 /* Release */,
			);
			defaultConfigurationIsVisible = 0;
			defaultConfigurationName = Debug;
		};
		E75237DE2BA627F0002C44F8 /* Build configuration list for PBXNativeTarget "IOKitInterposer" */ = {
			isa = XCConfigurationList;
			buildConfigurations = (
				E75237DF2BA627F0002C44F8 /* Debug */,
				E75237E02BA627F0002C44F8 /* Release */,
			);
			defaultConfigurationIsVisible = 0;
			defaultConfigurationName = Debug;
		};
		E77DFCF22BA3A58B005601D7 /* Build configuration list for PBXNativeTarget "ScreenCaptureTests" */ = {
			isa = XCConfigurationList;
			buildConfigurations = (
				E77DFCF32BA3A58B005601D7 /* Debug */,
				E77DFCF42BA3A58B005601D7 /* Release */,
			);
			defaultConfigurationIsVisible = 0;
			defaultConfigurationName = Debug;
		};
/* End XCConfigurationList section */

/* Begin XCRemoteSwiftPackageReference section */
		E7D372E02B8563C0004EE79D /* XCRemoteSwiftPackageReference "swift-argument-parser" */ = {
			isa = XCRemoteSwiftPackageReference;
			repositoryURL = "https://github.com/apple/swift-argument-parser.git";
			requirement = {
				kind = upToNextMajorVersion;
				minimumVersion = 1.3.0;
			};
		};
/* End XCRemoteSwiftPackageReference section */

/* Begin XCSwiftPackageProductDependency section */
		E75237EE2BA672B8002C44F8 /* ArgumentParser */ = {
			isa = XCSwiftPackageProductDependency;
			package = E7D372E02B8563C0004EE79D /* XCRemoteSwiftPackageReference "swift-argument-parser" */;
			productName = ArgumentParser;
		};
		E75237F02BA672D9002C44F8 /* ArgumentParser */ = {
			isa = XCSwiftPackageProductDependency;
			package = E7D372E02B8563C0004EE79D /* XCRemoteSwiftPackageReference "swift-argument-parser" */;
			productName = ArgumentParser;
		};
		E75237F22BA672F7002C44F8 /* ArgumentParser */ = {
			isa = XCSwiftPackageProductDependency;
			package = E7D372E02B8563C0004EE79D /* XCRemoteSwiftPackageReference "swift-argument-parser" */;
			productName = ArgumentParser;
		};
		E75922F12BA3B58600716653 /* ArgumentParser */ = {
			isa = XCSwiftPackageProductDependency;
			package = E7D372E02B8563C0004EE79D /* XCRemoteSwiftPackageReference "swift-argument-parser" */;
			productName = ArgumentParser;
		};
		E77DFCF62BA3AF95005601D7 /* ArgumentParser */ = {
			isa = XCSwiftPackageProductDependency;
			package = E7D372E02B8563C0004EE79D /* XCRemoteSwiftPackageReference "swift-argument-parser" */;
			productName = ArgumentParser;
		};
		E7D372E12B8563C0004EE79D /* ArgumentParser */ = {
			isa = XCSwiftPackageProductDependency;
			package = E7D372E02B8563C0004EE79D /* XCRemoteSwiftPackageReference "swift-argument-parser" */;
			productName = ArgumentParser;
		};
		E7D372E32B8563C0004EE79D /* generate-manual */ = {
			isa = XCSwiftPackageProductDependency;
			package = E7D372E02B8563C0004EE79D /* XCRemoteSwiftPackageReference "swift-argument-parser" */;
			productName = "generate-manual";
		};
/* End XCSwiftPackageProductDependency section */
	};
	rootObject = E74ED4C62B85629A0079AE68 /* Project object */;
}
