// !$*UTF8*$!
{
	archiveVersion = 1;
	classes = {
	};
	objectVersion = 56;
	objects = {

/* Begin PBXBuildFile section */
		E75237C72BA5D890002C44F8 /* Util.swift in Sources */ = {isa = PBXBuildFile; fileRef = E7D372FB2B941218004EE79D /* Util.swift */; };
		E77DFCE52BA39E9C005601D7 /* ScreenCapturePacket.swift in Sources */ = {isa = PBXBuildFile; fileRef = E77DFCE42BA39E9C005601D7 /* ScreenCapturePacket.swift */; };
		E77DFCF12BA3A58B005601D7 /* ScreenCapturePacketTests.swift in Sources */ = {isa = PBXBuildFile; fileRef = E77DFCF02BA3A58B005601D7 /* ScreenCapturePacketTests.swift */; };
		E77DFCF72BA3AF95005601D7 /* ArgumentParser in Frameworks */ = {isa = PBXBuildFile; productRef = E77DFCF62BA3AF95005601D7 /* ArgumentParser */; };
		E799598F2BA3B72F00CFBB54 /* ScreenCapturePacket.swift in Sources */ = {isa = PBXBuildFile; fileRef = E77DFCE42BA39E9C005601D7 /* ScreenCapturePacket.swift */; };
		E7D372E22B8563C0004EE79D /* ArgumentParser in Frameworks */ = {isa = PBXBuildFile; productRef = E7D372E12B8563C0004EE79D /* ArgumentParser */; };
		E7D372E42B8563C0004EE79D /* generate-manual in Frameworks */ = {isa = PBXBuildFile; productRef = E7D372E32B8563C0004EE79D /* generate-manual */; };
		E7D372E62B856733004EE79D /* RecordCommand.swift in Sources */ = {isa = PBXBuildFile; fileRef = E7D372E52B856733004EE79D /* RecordCommand.swift */; };
		E7D372EB2B856B8B004EE79D /* ScreenCaptureDevice.swift in Sources */ = {isa = PBXBuildFile; fileRef = E7D372EA2B856B8B004EE79D /* ScreenCaptureDevice.swift */; };
		E7D372FA2B93E5DA004EE79D /* Device.swift in Sources */ = {isa = PBXBuildFile; fileRef = E7D372F92B93E5DA004EE79D /* Device.swift */; };
		E7D372FC2B941218004EE79D /* Util.swift in Sources */ = {isa = PBXBuildFile; fileRef = E7D372FB2B941218004EE79D /* Util.swift */; };
/* End PBXBuildFile section */

/* Begin PBXContainerItemProxy section */
		E77DFCF82BA3B06A005601D7 /* PBXContainerItemProxy */ = {
			isa = PBXContainerItemProxy;
			containerPortal = E74ED4C62B85629A0079AE68 /* Project object */;
			proxyType = 1;
			remoteGlobalIDString = E74ED4CD2B85629A0079AE68;
			remoteInfo = "ios-screen-capture";
		};
/* End PBXContainerItemProxy section */

/* Begin PBXCopyFilesBuildPhase section */
		E74ED4CC2B85629A0079AE68 /* CopyFiles */ = {
			isa = PBXCopyFilesBuildPhase;
			buildActionMask = 2147483647;
			dstPath = /usr/share/man/man1/;
			dstSubfolderSpec = 0;
			files = (
			);
			runOnlyForDeploymentPostprocessing = 1;
		};
/* End PBXCopyFilesBuildPhase section */

/* Begin PBXFileReference section */
		E74ED4CE2B85629A0079AE68 /* ios-screen-capture */ = {isa = PBXFileReference; explicitFileType = "compiled.mach-o.executable"; includeInIndex = 0; path = "ios-screen-capture"; sourceTree = BUILT_PRODUCTS_DIR; };
		E77DFCE42BA39E9C005601D7 /* ScreenCapturePacket.swift */ = {isa = PBXFileReference; lastKnownFileType = sourcecode.swift; path = ScreenCapturePacket.swift; sourceTree = "<group>"; };
		E77DFCEE2BA3A58B005601D7 /* ScreenCaptureTests.xctest */ = {isa = PBXFileReference; explicitFileType = wrapper.cfbundle; includeInIndex = 0; path = ScreenCaptureTests.xctest; sourceTree = BUILT_PRODUCTS_DIR; };
		E77DFCF02BA3A58B005601D7 /* ScreenCapturePacketTests.swift */ = {isa = PBXFileReference; lastKnownFileType = sourcecode.swift; path = ScreenCapturePacketTests.swift; sourceTree = "<group>"; };
		E7D372E52B856733004EE79D /* RecordCommand.swift */ = {isa = PBXFileReference; lastKnownFileType = sourcecode.swift; path = RecordCommand.swift; sourceTree = "<group>"; };
		E7D372EA2B856B8B004EE79D /* ScreenCaptureDevice.swift */ = {isa = PBXFileReference; lastKnownFileType = sourcecode.swift; path = ScreenCaptureDevice.swift; sourceTree = "<group>"; };
		E7D372F92B93E5DA004EE79D /* Device.swift */ = {isa = PBXFileReference; lastKnownFileType = sourcecode.swift; path = Device.swift; sourceTree = "<group>"; };
		E7D372FB2B941218004EE79D /* Util.swift */ = {isa = PBXFileReference; lastKnownFileType = sourcecode.swift; path = Util.swift; sourceTree = "<group>"; };
/* End PBXFileReference section */

/* Begin PBXFrameworksBuildPhase section */
		E74ED4CB2B85629A0079AE68 /* Frameworks */ = {
			isa = PBXFrameworksBuildPhase;
			buildActionMask = 2147483647;
			files = (
				E7D372E22B8563C0004EE79D /* ArgumentParser in Frameworks */,
				E7D372E42B8563C0004EE79D /* generate-manual in Frameworks */,
			);
			runOnlyForDeploymentPostprocessing = 0;
		};
		E77DFCEB2BA3A58B005601D7 /* Frameworks */ = {
			isa = PBXFrameworksBuildPhase;
			buildActionMask = 2147483647;
			files = (
				E77DFCF72BA3AF95005601D7 /* ArgumentParser in Frameworks */,
			);
			runOnlyForDeploymentPostprocessing = 0;
		};
/* End PBXFrameworksBuildPhase section */

/* Begin PBXGroup section */
		E74ED4C52B85629A0079AE68 = {
			isa = PBXGroup;
			children = (
				E74ED4D02B85629A0079AE68 /* ios-screen-capture */,
				E74ED4CF2B85629A0079AE68 /* Products */,
				E77DFCF52BA3AF95005601D7 /* Frameworks */,
			);
			sourceTree = "<group>";
		};
		E74ED4CF2B85629A0079AE68 /* Products */ = {
			isa = PBXGroup;
			children = (
				E74ED4CE2B85629A0079AE68 /* ios-screen-capture */,
				E77DFCEE2BA3A58B005601D7 /* ScreenCaptureTests.xctest */,
			);
			name = Products;
			sourceTree = "<group>";
		};
		E74ED4D02B85629A0079AE68 /* ios-screen-capture */ = {
			isa = PBXGroup;
			children = (
				E7D372E72B8567B3004EE79D /* Sources */,
				E77DFCE62BA3A3BE005601D7 /* Tests */,
			);
			path = "ios-screen-capture";
			sourceTree = "<group>";
		};
		E77DFCE62BA3A3BE005601D7 /* Tests */ = {
			isa = PBXGroup;
			children = (
				E77DFCEF2BA3A58B005601D7 /* ScreenCaptureTests */,
			);
			path = Tests;
			sourceTree = "<group>";
		};
		E77DFCEF2BA3A58B005601D7 /* ScreenCaptureTests */ = {
			isa = PBXGroup;
			children = (
				E77DFCF02BA3A58B005601D7 /* ScreenCapturePacketTests.swift */,
			);
			path = ScreenCaptureTests;
			sourceTree = "<group>";
		};
		E77DFCF52BA3AF95005601D7 /* Frameworks */ = {
			isa = PBXGroup;
			children = (
			);
			name = Frameworks;
			sourceTree = "<group>";
		};
		E7D372E72B8567B3004EE79D /* Sources */ = {
			isa = PBXGroup;
			children = (
				E7D372E92B856AF1004EE79D /* USB */,
				E7D372E82B856AC9004EE79D /* ScreenCapture */,
				E7D372E52B856733004EE79D /* RecordCommand.swift */,
			);
			path = Sources;
			sourceTree = "<group>";
		};
		E7D372E82B856AC9004EE79D /* ScreenCapture */ = {
			isa = PBXGroup;
			children = (
				E77DFCE42BA39E9C005601D7 /* ScreenCapturePacket.swift */,
			);
			path = ScreenCapture;
			sourceTree = "<group>";
		};
		E7D372E92B856AF1004EE79D /* USB */ = {
			isa = PBXGroup;
			children = (
				E7D372EA2B856B8B004EE79D /* ScreenCaptureDevice.swift */,
				E7D372F92B93E5DA004EE79D /* Device.swift */,
				E7D372FB2B941218004EE79D /* Util.swift */,
			);
			path = USB;
			sourceTree = "<group>";
		};
/* End PBXGroup section */

/* Begin PBXNativeTarget section */
		E74ED4CD2B85629A0079AE68 /* ios-screen-capture */ = {
			isa = PBXNativeTarget;
			buildConfigurationList = E74ED4D52B85629A0079AE68 /* Build configuration list for PBXNativeTarget "ios-screen-capture" */;
			buildPhases = (
				E74ED4CA2B85629A0079AE68 /* Sources */,
				E74ED4CB2B85629A0079AE68 /* Frameworks */,
				E74ED4CC2B85629A0079AE68 /* CopyFiles */,
			);
			buildRules = (
			);
			dependencies = (
			);
			name = "ios-screen-capture";
			packageProductDependencies = (
				E7D372E12B8563C0004EE79D /* ArgumentParser */,
				E7D372E32B8563C0004EE79D /* generate-manual */,
			);
			productName = "ios-screen-capture";
			productReference = E74ED4CE2B85629A0079AE68 /* ios-screen-capture */;
			productType = "com.apple.product-type.tool";
		};
		E77DFCED2BA3A58B005601D7 /* ScreenCaptureTests */ = {
			isa = PBXNativeTarget;
			buildConfigurationList = E77DFCF22BA3A58B005601D7 /* Build configuration list for PBXNativeTarget "ScreenCaptureTests" */;
			buildPhases = (
				E77DFCEA2BA3A58B005601D7 /* Sources */,
				E77DFCEB2BA3A58B005601D7 /* Frameworks */,
				E77DFCEC2BA3A58B005601D7 /* Resources */,
			);
			buildRules = (
			);
			dependencies = (
				E75922F22BA3B58600716653 /* PBXTargetDependency */,
				E77DFCF92BA3B06A005601D7 /* PBXTargetDependency */,
			);
			name = ScreenCaptureTests;
			packageProductDependencies = (
				E77DFCF62BA3AF95005601D7 /* ArgumentParser */,
			);
			productName = ScreenCaptureTests;
			productReference = E77DFCEE2BA3A58B005601D7 /* ScreenCaptureTests.xctest */;
			productType = "com.apple.product-type.bundle.unit-test";
		};
/* End PBXNativeTarget section */

/* Begin PBXProject section */
		E74ED4C62B85629A0079AE68 /* Project object */ = {
			isa = PBXProject;
			attributes = {
				BuildIndependentTargetsInParallel = 1;
				LastSwiftUpdateCheck = 1520;
				LastUpgradeCheck = 1520;
				TargetAttributes = {
					E74ED4CD2B85629A0079AE68 = {
						CreatedOnToolsVersion = 15.2;
					};
					E77DFCED2BA3A58B005601D7 = {
						CreatedOnToolsVersion = 15.2;
					};
				};
			};
			buildConfigurationList = E74ED4C92B85629A0079AE68 /* Build configuration list for PBXProject "ios-screen-capture" */;
			compatibilityVersion = "Xcode 14.0";
			developmentRegion = en;
			hasScannedForEncodings = 0;
			knownRegions = (
				en,
				Base,
			);
			mainGroup = E74ED4C52B85629A0079AE68;
			packageReferences = (
				E7D372E02B8563C0004EE79D /* XCRemoteSwiftPackageReference "swift-argument-parser" */,
			);
			productRefGroup = E74ED4CF2B85629A0079AE68 /* Products */;
			projectDirPath = "";
			projectRoot = "";
			targets = (
				E74ED4CD2B85629A0079AE68 /* ios-screen-capture */,
				E77DFCED2BA3A58B005601D7 /* ScreenCaptureTests */,
			);
		};
/* End PBXProject section */

/* Begin PBXResourcesBuildPhase section */
		E77DFCEC2BA3A58B005601D7 /* Resources */ = {
			isa = PBXResourcesBuildPhase;
			buildActionMask = 2147483647;
			files = (
			);
			runOnlyForDeploymentPostprocessing = 0;
		};
/* End PBXResourcesBuildPhase section */

/* Begin PBXSourcesBuildPhase section */
		E74ED4CA2B85629A0079AE68 /* Sources */ = {
			isa = PBXSourcesBuildPhase;
			buildActionMask = 2147483647;
			files = (
				E7D372FA2B93E5DA004EE79D /* Device.swift in Sources */,
				E77DFCE52BA39E9C005601D7 /* ScreenCapturePacket.swift in Sources */,
				E7D372EB2B856B8B004EE79D /* ScreenCaptureDevice.swift in Sources */,
				E7D372E62B856733004EE79D /* RecordCommand.swift in Sources */,
				E7D372FC2B941218004EE79D /* Util.swift in Sources */,
			);
			runOnlyForDeploymentPostprocessing = 0;
		};
		E77DFCEA2BA3A58B005601D7 /* Sources */ = {
			isa = PBXSourcesBuildPhase;
			buildActionMask = 2147483647;
			files = (
				E799598F2BA3B72F00CFBB54 /* ScreenCapturePacket.swift in Sources */,
				E75237C72BA5D890002C44F8 /* Util.swift in Sources */,
				E77DFCF12BA3A58B005601D7 /* ScreenCapturePacketTests.swift in Sources */,
			);
			runOnlyForDeploymentPostprocessing = 0;
		};
/* End PBXSourcesBuildPhase section */

/* Begin PBXTargetDependency section */
		E75922F22BA3B58600716653 /* PBXTargetDependency */ = {
			isa = PBXTargetDependency;
			productRef = E75922F12BA3B58600716653 /* ArgumentParser */;
		};
		E77DFCF92BA3B06A005601D7 /* PBXTargetDependency */ = {
			isa = PBXTargetDependency;
			target = E74ED4CD2B85629A0079AE68 /* ios-screen-capture */;
			targetProxy = E77DFCF82BA3B06A005601D7 /* PBXContainerItemProxy */;
		};
/* End PBXTargetDependency section */

/* Begin XCBuildConfiguration section */
		E74ED4D32B85629A0079AE68 /* Debug */ = {
			isa = XCBuildConfiguration;
			buildSettings = {
				ALWAYS_SEARCH_USER_PATHS = NO;
				ASSETCATALOG_COMPILER_GENERATE_SWIFT_ASSET_SYMBOL_EXTENSIONS = YES;
				CLANG_ANALYZER_NONNULL = YES;
				CLANG_ANALYZER_NUMBER_OBJECT_CONVERSION = YES_AGGRESSIVE;
				CLANG_CXX_LANGUAGE_STANDARD = "gnu++20";
				CLANG_ENABLE_MODULES = YES;
				CLANG_ENABLE_OBJC_ARC = YES;
				CLANG_ENABLE_OBJC_WEAK = YES;
				CLANG_WARN_BLOCK_CAPTURE_AUTORELEASING = YES;
				CLANG_WARN_BOOL_CONVERSION = YES;
				CLANG_WARN_COMMA = YES;
				CLANG_WARN_CONSTANT_CONVERSION = YES;
				CLANG_WARN_DEPRECATED_OBJC_IMPLEMENTATIONS = YES;
				CLANG_WARN_DIRECT_OBJC_ISA_USAGE = YES_ERROR;
				CLANG_WARN_DOCUMENTATION_COMMENTS = YES;
				CLANG_WARN_EMPTY_BODY = YES;
				CLANG_WARN_ENUM_CONVERSION = YES;
				CLANG_WARN_INFINITE_RECURSION = YES;
				CLANG_WARN_INT_CONVERSION = YES;
				CLANG_WARN_NON_LITERAL_NULL_CONVERSION = YES;
				CLANG_WARN_OBJC_IMPLICIT_RETAIN_SELF = YES;
				CLANG_WARN_OBJC_LITERAL_CONVERSION = YES;
				CLANG_WARN_OBJC_ROOT_CLASS = YES_ERROR;
				CLANG_WARN_QUOTED_INCLUDE_IN_FRAMEWORK_HEADER = YES;
				CLANG_WARN_RANGE_LOOP_ANALYSIS = YES;
				CLANG_WARN_STRICT_PROTOTYPES = YES;
				CLANG_WARN_SUSPICIOUS_MOVE = YES;
				CLANG_WARN_UNGUARDED_AVAILABILITY = YES_AGGRESSIVE;
				CLANG_WARN_UNREACHABLE_CODE = YES;
				CLANG_WARN__DUPLICATE_METHOD_MATCH = YES;
				COPY_PHASE_STRIP = NO;
				DEBUG_INFORMATION_FORMAT = dwarf;
				ENABLE_STRICT_OBJC_MSGSEND = YES;
				ENABLE_TESTABILITY = YES;
				ENABLE_USER_SCRIPT_SANDBOXING = YES;
				GCC_C_LANGUAGE_STANDARD = gnu17;
				GCC_DYNAMIC_NO_PIC = NO;
				GCC_NO_COMMON_BLOCKS = YES;
				GCC_OPTIMIZATION_LEVEL = 0;
				GCC_PREPROCESSOR_DEFINITIONS = (
					"DEBUG=1",
					"$(inherited)",
				);
				GCC_WARN_64_TO_32_BIT_CONVERSION = YES;
				GCC_WARN_ABOUT_RETURN_TYPE = YES_ERROR;
				GCC_WARN_UNDECLARED_SELECTOR = YES;
				GCC_WARN_UNINITIALIZED_AUTOS = YES_AGGRESSIVE;
				GCC_WARN_UNUSED_FUNCTION = YES;
				GCC_WARN_UNUSED_VARIABLE = YES;
				LOCALIZATION_PREFERS_STRING_CATALOGS = YES;
				MACOSX_DEPLOYMENT_TARGET = 14.2;
				MTL_ENABLE_DEBUG_INFO = INCLUDE_SOURCE;
				MTL_FAST_MATH = YES;
				ONLY_ACTIVE_ARCH = YES;
				SDKROOT = macosx;
				SWIFT_ACTIVE_COMPILATION_CONDITIONS = "DEBUG $(inherited)";
				SWIFT_OPTIMIZATION_LEVEL = "-Onone";
			};
			name = Debug;
		};
		E74ED4D42B85629A0079AE68 /* Release */ = {
			isa = XCBuildConfiguration;
			buildSettings = {
				ALWAYS_SEARCH_USER_PATHS = NO;
				ASSETCATALOG_COMPILER_GENERATE_SWIFT_ASSET_SYMBOL_EXTENSIONS = YES;
				CLANG_ANALYZER_NONNULL = YES;
				CLANG_ANALYZER_NUMBER_OBJECT_CONVERSION = YES_AGGRESSIVE;
				CLANG_CXX_LANGUAGE_STANDARD = "gnu++20";
				CLANG_ENABLE_MODULES = YES;
				CLANG_ENABLE_OBJC_ARC = YES;
				CLANG_ENABLE_OBJC_WEAK = YES;
				CLANG_WARN_BLOCK_CAPTURE_AUTORELEASING = YES;
				CLANG_WARN_BOOL_CONVERSION = YES;
				CLANG_WARN_COMMA = YES;
				CLANG_WARN_CONSTANT_CONVERSION = YES;
				CLANG_WARN_DEPRECATED_OBJC_IMPLEMENTATIONS = YES;
				CLANG_WARN_DIRECT_OBJC_ISA_USAGE = YES_ERROR;
				CLANG_WARN_DOCUMENTATION_COMMENTS = YES;
				CLANG_WARN_EMPTY_BODY = YES;
				CLANG_WARN_ENUM_CONVERSION = YES;
				CLANG_WARN_INFINITE_RECURSION = YES;
				CLANG_WARN_INT_CONVERSION = YES;
				CLANG_WARN_NON_LITERAL_NULL_CONVERSION = YES;
				CLANG_WARN_OBJC_IMPLICIT_RETAIN_SELF = YES;
				CLANG_WARN_OBJC_LITERAL_CONVERSION = YES;
				CLANG_WARN_OBJC_ROOT_CLASS = YES_ERROR;
				CLANG_WARN_QUOTED_INCLUDE_IN_FRAMEWORK_HEADER = YES;
				CLANG_WARN_RANGE_LOOP_ANALYSIS = YES;
				CLANG_WARN_STRICT_PROTOTYPES = YES;
				CLANG_WARN_SUSPICIOUS_MOVE = YES;
				CLANG_WARN_UNGUARDED_AVAILABILITY = YES_AGGRESSIVE;
				CLANG_WARN_UNREACHABLE_CODE = YES;
				CLANG_WARN__DUPLICATE_METHOD_MATCH = YES;
				COPY_PHASE_STRIP = NO;
				DEBUG_INFORMATION_FORMAT = "dwarf-with-dsym";
				ENABLE_NS_ASSERTIONS = NO;
				ENABLE_STRICT_OBJC_MSGSEND = YES;
				ENABLE_USER_SCRIPT_SANDBOXING = YES;
				GCC_C_LANGUAGE_STANDARD = gnu17;
				GCC_NO_COMMON_BLOCKS = YES;
				GCC_WARN_64_TO_32_BIT_CONVERSION = YES;
				GCC_WARN_ABOUT_RETURN_TYPE = YES_ERROR;
				GCC_WARN_UNDECLARED_SELECTOR = YES;
				GCC_WARN_UNINITIALIZED_AUTOS = YES_AGGRESSIVE;
				GCC_WARN_UNUSED_FUNCTION = YES;
				GCC_WARN_UNUSED_VARIABLE = YES;
				LOCALIZATION_PREFERS_STRING_CATALOGS = YES;
				MACOSX_DEPLOYMENT_TARGET = 14.2;
				MTL_ENABLE_DEBUG_INFO = NO;
				MTL_FAST_MATH = YES;
				SDKROOT = macosx;
				SWIFT_COMPILATION_MODE = wholemodule;
			};
			name = Release;
		};
		E74ED4D62B85629A0079AE68 /* Debug */ = {
			isa = XCBuildConfiguration;
			buildSettings = {
				CODE_SIGN_ENTITLEMENTS = "ios-screen-capture/ios-screen-capture.entitlements";
				CODE_SIGN_STYLE = Automatic;
				PRODUCT_NAME = "$(TARGET_NAME)";
				SWIFT_VERSION = 5.0;
			};
			name = Debug;
		};
		E74ED4D72B85629A0079AE68 /* Release */ = {
			isa = XCBuildConfiguration;
			buildSettings = {
				CODE_SIGN_ENTITLEMENTS = "ios-screen-capture/ios-screen-capture.entitlements";
				CODE_SIGN_STYLE = Automatic;
				PRODUCT_NAME = "$(TARGET_NAME)";
				SWIFT_VERSION = 5.0;
			};
			name = Release;
		};
		E77DFCF32BA3A58B005601D7 /* Debug */ = {
			isa = XCBuildConfiguration;
			buildSettings = {
				CODE_SIGN_STYLE = Automatic;
				CURRENT_PROJECT_VERSION = 1;
				FRAMEWORK_SEARCH_PATHS = "$(inherit)";
				GENERATE_INFOPLIST_FILE = YES;
				MARKETING_VERSION = 1.0;
				MERGEABLE_LIBRARY = YES;
				MERGED_BINARY_TYPE = automatic;
				PRODUCT_BUNDLE_IDENTIFIER = dev.brandonmorris.ScreenCaptureTests;
				PRODUCT_NAME = "$(TARGET_NAME)";
				SWIFT_EMIT_LOC_STRINGS = NO;
				SWIFT_VERSION = 5.0;
			};
			name = Debug;
		};
		E77DFCF42BA3A58B005601D7 /* Release */ = {
			isa = XCBuildConfiguration;
			buildSettings = {
				CODE_SIGN_STYLE = Automatic;
				CURRENT_PROJECT_VERSION = 1;
				FRAMEWORK_SEARCH_PATHS = "$(inherit)";
				GENERATE_INFOPLIST_FILE = YES;
				MARKETING_VERSION = 1.0;
				MERGEABLE_LIBRARY = YES;
				MERGED_BINARY_TYPE = automatic;
				PRODUCT_BUNDLE_IDENTIFIER = dev.brandonmorris.ScreenCaptureTests;
				PRODUCT_NAME = "$(TARGET_NAME)";
				SWIFT_EMIT_LOC_STRINGS = NO;
				SWIFT_VERSION = 5.0;
			};
			name = Release;
		};
/* End XCBuildConfiguration section */

/* Begin XCConfigurationList section */
		E74ED4C92B85629A0079AE68 /* Build configuration list for PBXProject "ios-screen-capture" */ = {
			isa = XCConfigurationList;
			buildConfigurations = (
				E74ED4D32B85629A0079AE68 /* Debug */,
				E74ED4D42B85629A0079AE68 /* Release */,
			);
			defaultConfigurationIsVisible = 0;
			defaultConfigurationName = Release;
		};
		E74ED4D52B85629A0079AE68 /* Build configuration list for PBXNativeTarget "ios-screen-capture" */ = {
			isa = XCConfigurationList;
			buildConfigurations = (
				E74ED4D62B85629A0079AE68 /* Debug */,
				E74ED4D72B85629A0079AE68 /* Release */,
			);
			defaultConfigurationIsVisible = 0;
			defaultConfigurationName = Release;
		};
		E77DFCF22BA3A58B005601D7 /* Build configuration list for PBXNativeTarget "ScreenCaptureTests" */ = {
			isa = XCConfigurationList;
			buildConfigurations = (
				E77DFCF32BA3A58B005601D7 /* Debug */,
				E77DFCF42BA3A58B005601D7 /* Release */,
			);
			defaultConfigurationIsVisible = 0;
			defaultConfigurationName = Release;
		};
/* End XCConfigurationList section */

/* Begin XCRemoteSwiftPackageReference section */
		E7D372E02B8563C0004EE79D /* XCRemoteSwiftPackageReference "swift-argument-parser" */ = {
			isa = XCRemoteSwiftPackageReference;
			repositoryURL = "https://github.com/apple/swift-argument-parser.git";
			requirement = {
				kind = upToNextMajorVersion;
				minimumVersion = 1.3.0;
			};
		};
/* End XCRemoteSwiftPackageReference section */

/* Begin XCSwiftPackageProductDependency section */
		E75922F12BA3B58600716653 /* ArgumentParser */ = {
			isa = XCSwiftPackageProductDependency;
			package = E7D372E02B8563C0004EE79D /* XCRemoteSwiftPackageReference "swift-argument-parser" */;
			productName = ArgumentParser;
		};
		E77DFCF62BA3AF95005601D7 /* ArgumentParser */ = {
			isa = XCSwiftPackageProductDependency;
			package = E7D372E02B8563C0004EE79D /* XCRemoteSwiftPackageReference "swift-argument-parser" */;
			productName = ArgumentParser;
		};
		E7D372E12B8563C0004EE79D /* ArgumentParser */ = {
			isa = XCSwiftPackageProductDependency;
			package = E7D372E02B8563C0004EE79D /* XCRemoteSwiftPackageReference "swift-argument-parser" */;
			productName = ArgumentParser;
		};
		E7D372E32B8563C0004EE79D /* generate-manual */ = {
			isa = XCSwiftPackageProductDependency;
			package = E7D372E02B8563C0004EE79D /* XCRemoteSwiftPackageReference "swift-argument-parser" */;
			productName = "generate-manual";
		};
/* End XCSwiftPackageProductDependency section */
	};
	rootObject = E74ED4C62B85629A0079AE68 /* Project object */;
}
